// !$*UTF8*$!
{
	archiveVersion = 1;
	classes = {
	};
	objectVersion = 50;
	objects = {

/* Begin PBXBuildFile section */
		0406796A210EBE3100F109FF /* first_selected@2x.png in Resources */ = {isa = PBXBuildFile; fileRef = 04067951210EBE3000F109FF /* first_selected@2x.png */; };
		0406796B210EBE3100F109FF /* second_normal.png in Resources */ = {isa = PBXBuildFile; fileRef = 04067952210EBE3000F109FF /* second_normal.png */; };
		0406796C210EBE3100F109FF /* third_normal@2x.png in Resources */ = {isa = PBXBuildFile; fileRef = 04067953210EBE3000F109FF /* third_normal@2x.png */; };
		0406796D210EBE3100F109FF /* third_selected@2x.png in Resources */ = {isa = PBXBuildFile; fileRef = 04067954210EBE3000F109FF /* third_selected@2x.png */; };
		0406796E210EBE3100F109FF /* second_selected.png in Resources */ = {isa = PBXBuildFile; fileRef = 04067955210EBE3000F109FF /* second_selected.png */; };
		0406796F210EBE3100F109FF /* jiajia.png in Resources */ = {isa = PBXBuildFile; fileRef = 04067956210EBE3000F109FF /* jiajia.png */; };
		04067970210EBE3200F109FF /* fourth_normal@2x.png in Resources */ = {isa = PBXBuildFile; fileRef = 04067957210EBE3000F109FF /* fourth_normal@2x.png */; };
		04067971210EBE3200F109FF /* fourth_selected@3x.png in Resources */ = {isa = PBXBuildFile; fileRef = 04067958210EBE3000F109FF /* fourth_selected@3x.png */; };
		04067972210EBE3200F109FF /* third_selected.png in Resources */ = {isa = PBXBuildFile; fileRef = 04067959210EBE3000F109FF /* third_selected.png */; };
		04067973210EBE3200F109FF /* third_normal@3x.png in Resources */ = {isa = PBXBuildFile; fileRef = 0406795A210EBE3000F109FF /* third_normal@3x.png */; };
		04067974210EBE3200F109FF /* fourth_normal@3x.png in Resources */ = {isa = PBXBuildFile; fileRef = 0406795B210EBE3000F109FF /* fourth_normal@3x.png */; };
		04067975210EBE3200F109FF /* first_normal@3x.png in Resources */ = {isa = PBXBuildFile; fileRef = 0406795C210EBE3000F109FF /* first_normal@3x.png */; };
		04067976210EBE3200F109FF /* second_normal@2x.png in Resources */ = {isa = PBXBuildFile; fileRef = 0406795D210EBE3000F109FF /* second_normal@2x.png */; };
		04067977210EBE3200F109FF /* second_selected@2x.png in Resources */ = {isa = PBXBuildFile; fileRef = 0406795E210EBE3000F109FF /* second_selected@2x.png */; };
		04067978210EBE3200F109FF /* first_normal@2x.png in Resources */ = {isa = PBXBuildFile; fileRef = 0406795F210EBE3100F109FF /* first_normal@2x.png */; };
		04067979210EBE3200F109FF /* first_selected.png in Resources */ = {isa = PBXBuildFile; fileRef = 04067960210EBE3100F109FF /* first_selected.png */; };
		0406797A210EBE3200F109FF /* third_selected@3x.png in Resources */ = {isa = PBXBuildFile; fileRef = 04067961210EBE3100F109FF /* third_selected@3x.png */; };
		0406797B210EBE3200F109FF /* fourth_normal.png in Resources */ = {isa = PBXBuildFile; fileRef = 04067962210EBE3100F109FF /* fourth_normal.png */; };
		0406797C210EBE3200F109FF /* fourth_selected.png in Resources */ = {isa = PBXBuildFile; fileRef = 04067963210EBE3100F109FF /* fourth_selected.png */; };
		0406797D210EBE3200F109FF /* fourth_selected@2x.png in Resources */ = {isa = PBXBuildFile; fileRef = 04067964210EBE3100F109FF /* fourth_selected@2x.png */; };
		0406797E210EBE3200F109FF /* first_selected@3x.png in Resources */ = {isa = PBXBuildFile; fileRef = 04067965210EBE3100F109FF /* first_selected@3x.png */; };
		0406797F210EBE3200F109FF /* first_normal.png in Resources */ = {isa = PBXBuildFile; fileRef = 04067966210EBE3100F109FF /* first_normal.png */; };
		04067980210EBE3200F109FF /* second_selected@3x.png in Resources */ = {isa = PBXBuildFile; fileRef = 04067967210EBE3100F109FF /* second_selected@3x.png */; };
		04067981210EBE3200F109FF /* third_normal.png in Resources */ = {isa = PBXBuildFile; fileRef = 04067968210EBE3100F109FF /* third_normal.png */; };
		04067982210EBE3200F109FF /* second_normal@3x.png in Resources */ = {isa = PBXBuildFile; fileRef = 04067969210EBE3100F109FF /* second_normal@3x.png */; };
		04067989210EE24500F109FF /* GZNavigationBar.m in Sources */ = {isa = PBXBuildFile; fileRef = 04067988210EE24500F109FF /* GZNavigationBar.m */; };
		0406798D210EEA7500F109FF /* StatueBar.m in Sources */ = {isa = PBXBuildFile; fileRef = 0406798C210EEA7500F109FF /* StatueBar.m */; };
		042DAF09211007EE00EA7858 /* ModifyTheStoreVC.m in Sources */ = {isa = PBXBuildFile; fileRef = 042DAF08211007EE00EA7858 /* ModifyTheStoreVC.m */; };
		042DAF132110109300EA7858 /* MTSTableView.m in Sources */ = {isa = PBXBuildFile; fileRef = 042DAF122110109300EA7858 /* MTSTableView.m */; };
		042DAF162110430200EA7858 /* MTSViewModel.m in Sources */ = {isa = PBXBuildFile; fileRef = 042DAF152110430200EA7858 /* MTSViewModel.m */; };
		0467856021085E86005C66EF /* BaseRequest.m in Sources */ = {isa = PBXBuildFile; fileRef = 0467855F21085E86005C66EF /* BaseRequest.m */; };
		04983A502117E74500F3A1D6 /* ModeifySecondTableViewCell.m in Sources */ = {isa = PBXBuildFile; fileRef = 04983A4F2117E74500F3A1D6 /* ModeifySecondTableViewCell.m */; };
		04983A5421182E2E00F3A1D6 /* ModeifyThirdTableViewCell.m in Sources */ = {isa = PBXBuildFile; fileRef = 04983A5321182E2E00F3A1D6 /* ModeifyThirdTableViewCell.m */; };
		049B1E70210031F300310FF6 /* AppDelegate.m in Sources */ = {isa = PBXBuildFile; fileRef = 049B1E6F210031F300310FF6 /* AppDelegate.m */; };
		049B1E73210031F300310FF6 /* ViewController.m in Sources */ = {isa = PBXBuildFile; fileRef = 049B1E72210031F300310FF6 /* ViewController.m */; };
		049B1E79210031F400310FF6 /* CYou.xcdatamodeld in Sources */ = {isa = PBXBuildFile; fileRef = 049B1E77210031F400310FF6 /* CYou.xcdatamodeld */; };
		049B1E7B2100323E00310FF6 /* Assets.xcassets in Resources */ = {isa = PBXBuildFile; fileRef = 049B1E7A2100323E00310FF6 /* Assets.xcassets */; };
		049B1E812100323E00310FF6 /* main.m in Sources */ = {isa = PBXBuildFile; fileRef = 049B1E802100323E00310FF6 /* main.m */; };
		049B1E8B2100324200310FF6 /* CYouTests.m in Sources */ = {isa = PBXBuildFile; fileRef = 049B1E8A2100324200310FF6 /* CYouTests.m */; };
		049B1E962100324200310FF6 /* CYouUITests.m in Sources */ = {isa = PBXBuildFile; fileRef = 049B1E952100324200310FF6 /* CYouUITests.m */; };
		049B1EA8210039C000310FF6 /* BaseViewController.m in Sources */ = {isa = PBXBuildFile; fileRef = 049B1EA7210039C000310FF6 /* BaseViewController.m */; };
		049B1EAD21003DC000310FF6 /* mainController.m in Sources */ = {isa = PBXBuildFile; fileRef = 049B1EAC21003DC000310FF6 /* mainController.m */; };
		049B1EB121003E2A00310FF6 /* GZViewController.m in Sources */ = {isa = PBXBuildFile; fileRef = 049B1EB021003E2A00310FF6 /* GZViewController.m */; };
		049B1EB721003E8E00310FF6 /* WKViewController.m in Sources */ = {isa = PBXBuildFile; fileRef = 049B1EB621003E8E00310FF6 /* WKViewController.m */; };
		049B1EBA21003EA500310FF6 /* PersonViewController.m in Sources */ = {isa = PBXBuildFile; fileRef = 049B1EB921003EA500310FF6 /* PersonViewController.m */; };
		049B1EBD21003EB600310FF6 /* ZPViewController.m in Sources */ = {isa = PBXBuildFile; fileRef = 049B1EBC21003EB600310FF6 /* ZPViewController.m */; };
		049B1EC421006B2B00310FF6 /* YQ_TabBar.m in Sources */ = {isa = PBXBuildFile; fileRef = 049B1EC321006B2B00310FF6 /* YQ_TabBar.m */; };
		049B1ECA21007C3400310FF6 /* BaseViewModel.m in Sources */ = {isa = PBXBuildFile; fileRef = 049B1EC921007C3400310FF6 /* BaseViewModel.m */; };
		04B651DD21193A7C00A277B5 /* UIColor+Extesion.m in Sources */ = {isa = PBXBuildFile; fileRef = 04B651DC21193A7C00A277B5 /* UIColor+Extesion.m */; };
		04B651E121193D9600A277B5 /* UILabel+Extesion.m in Sources */ = {isa = PBXBuildFile; fileRef = 04B651E021193D9600A277B5 /* UILabel+Extesion.m */; };
		04B651E52119706100A277B5 /* ModeifyChooseSkillsCollectionViewCell.m in Sources */ = {isa = PBXBuildFile; fileRef = 04B651E42119706100A277B5 /* ModeifyChooseSkillsCollectionViewCell.m */; };
		04BC5539211C214100F34C95 /* LocationViewController.m in Sources */ = {isa = PBXBuildFile; fileRef = 04BC5538211C214100F34C95 /* LocationViewController.m */; };
		04BC553D211C34F900F34C95 /* AMapFoundationKit.framework in Frameworks */ = {isa = PBXBuildFile; fileRef = 04BC553C211C34F900F34C95 /* AMapFoundationKit.framework */; };
		04C98B68210173C20001069D /* AFHTTPSessionManager.m in Sources */ = {isa = PBXBuildFile; fileRef = 04C98B47210173C20001069D /* AFHTTPSessionManager.m */; };
		04C98B69210173C20001069D /* AFNetworkReachabilityManager.m in Sources */ = {isa = PBXBuildFile; fileRef = 04C98B4A210173C20001069D /* AFNetworkReachabilityManager.m */; };
		04C98B6A210173C20001069D /* AFSecurityPolicy.m in Sources */ = {isa = PBXBuildFile; fileRef = 04C98B4C210173C20001069D /* AFSecurityPolicy.m */; };
		04C98B6B210173C20001069D /* AFURLRequestSerialization.m in Sources */ = {isa = PBXBuildFile; fileRef = 04C98B4E210173C20001069D /* AFURLRequestSerialization.m */; };
		04C98B6C210173C20001069D /* AFURLResponseSerialization.m in Sources */ = {isa = PBXBuildFile; fileRef = 04C98B50210173C20001069D /* AFURLResponseSerialization.m */; };
		04C98B6D210173C20001069D /* AFURLSessionManager.m in Sources */ = {isa = PBXBuildFile; fileRef = 04C98B52210173C20001069D /* AFURLSessionManager.m */; };
		04C98B6E210173C20001069D /* AFAutoPurgingImageCache.m in Sources */ = {isa = PBXBuildFile; fileRef = 04C98B55210173C20001069D /* AFAutoPurgingImageCache.m */; };
		04C98B6F210173C20001069D /* AFImageDownloader.m in Sources */ = {isa = PBXBuildFile; fileRef = 04C98B57210173C20001069D /* AFImageDownloader.m */; };
		04C98B70210173C20001069D /* AFNetworkActivityIndicatorManager.m in Sources */ = {isa = PBXBuildFile; fileRef = 04C98B59210173C20001069D /* AFNetworkActivityIndicatorManager.m */; };
		04C98B71210173C20001069D /* UIActivityIndicatorView+AFNetworking.m in Sources */ = {isa = PBXBuildFile; fileRef = 04C98B5B210173C20001069D /* UIActivityIndicatorView+AFNetworking.m */; };
		04C98B72210173C20001069D /* UIButton+AFNetworking.m in Sources */ = {isa = PBXBuildFile; fileRef = 04C98B5D210173C20001069D /* UIButton+AFNetworking.m */; };
		04C98B73210173C20001069D /* UIImageView+AFNetworking.m in Sources */ = {isa = PBXBuildFile; fileRef = 04C98B60210173C20001069D /* UIImageView+AFNetworking.m */; };
		04C98B74210173C20001069D /* UIProgressView+AFNetworking.m in Sources */ = {isa = PBXBuildFile; fileRef = 04C98B63210173C20001069D /* UIProgressView+AFNetworking.m */; };
		04C98B75210173C20001069D /* UIRefreshControl+AFNetworking.m in Sources */ = {isa = PBXBuildFile; fileRef = 04C98B65210173C20001069D /* UIRefreshControl+AFNetworking.m */; };
		04C98B76210173C20001069D /* UIWebView+AFNetworking.m in Sources */ = {isa = PBXBuildFile; fileRef = 04C98B67210173C20001069D /* UIWebView+AFNetworking.m */; };
		04CA86DF21119B5E00282325 /* ModeifyFirstTableViewCell.m in Sources */ = {isa = PBXBuildFile; fileRef = 04CA86DE21119B5E00282325 /* ModeifyFirstTableViewCell.m */; };
		04CA87002111A9C000282325 /* Info.plist in Resources */ = {isa = PBXBuildFile; fileRef = 04CA86E62111A9C000282325 /* Info.plist */; };
		04CA87012111A9C000282325 /* MASCompositeConstraint.m in Sources */ = {isa = PBXBuildFile; fileRef = 04CA86E82111A9C000282325 /* MASCompositeConstraint.m */; };
		04CA87022111A9C000282325 /* MASConstraint.m in Sources */ = {isa = PBXBuildFile; fileRef = 04CA86EB2111A9C000282325 /* MASConstraint.m */; };
		04CA87032111A9C000282325 /* MASConstraintMaker.m in Sources */ = {isa = PBXBuildFile; fileRef = 04CA86ED2111A9C000282325 /* MASConstraintMaker.m */; };
		04CA87042111A9C000282325 /* MASLayoutConstraint.m in Sources */ = {isa = PBXBuildFile; fileRef = 04CA86EF2111A9C000282325 /* MASLayoutConstraint.m */; };
		04CA87052111A9C000282325 /* MASViewAttribute.m in Sources */ = {isa = PBXBuildFile; fileRef = 04CA86F32111A9C000282325 /* MASViewAttribute.m */; };
		04CA87062111A9C000282325 /* MASViewConstraint.m in Sources */ = {isa = PBXBuildFile; fileRef = 04CA86F52111A9C000282325 /* MASViewConstraint.m */; };
		04CA87072111A9C000282325 /* NSArray+MASAdditions.m in Sources */ = {isa = PBXBuildFile; fileRef = 04CA86F72111A9C000282325 /* NSArray+MASAdditions.m */; };
		04CA87082111A9C000282325 /* NSLayoutConstraint+MASDebugAdditions.m in Sources */ = {isa = PBXBuildFile; fileRef = 04CA86FA2111A9C000282325 /* NSLayoutConstraint+MASDebugAdditions.m */; };
		04CA87092111A9C000282325 /* View+MASAdditions.m in Sources */ = {isa = PBXBuildFile; fileRef = 04CA86FC2111A9C000282325 /* View+MASAdditions.m */; };
		04CA870A2111A9C000282325 /* ViewController+MASAdditions.m in Sources */ = {isa = PBXBuildFile; fileRef = 04CA86FF2111A9C000282325 /* ViewController+MASAdditions.m */; };
		04CA870D2111B0AA00282325 /* ModeifyFirstModel.m in Sources */ = {isa = PBXBuildFile; fileRef = 04CA870C2111B0AA00282325 /* ModeifyFirstModel.m */; };
		04E59CA82106B8EE0033813E /* AFNetworking_YQ.m in Sources */ = {isa = PBXBuildFile; fileRef = 04E59CA72106B8EE0033813E /* AFNetworking_YQ.m */; };
		04E59CAB2106CCFA0033813E /* AppDelegate+OperatingState.m in Sources */ = {isa = PBXBuildFile; fileRef = 04E59CAA2106CCFA0033813E /* AppDelegate+OperatingState.m */; };
		04E59CAF2106CF1D0033813E /* AppDelegate+Interface.m in Sources */ = {isa = PBXBuildFile; fileRef = 04E59CAE2106CF1D0033813E /* AppDelegate+Interface.m */; };
/* End PBXBuildFile section */

/* Begin PBXContainerItemProxy section */
		049B1E872100324200310FF6 /* PBXContainerItemProxy */ = {
			isa = PBXContainerItemProxy;
			containerPortal = 049B1E63210031F200310FF6 /* Project object */;
			proxyType = 1;
			remoteGlobalIDString = 049B1E6A210031F300310FF6;
			remoteInfo = CYou;
		};
		049B1E922100324200310FF6 /* PBXContainerItemProxy */ = {
			isa = PBXContainerItemProxy;
			containerPortal = 049B1E63210031F200310FF6 /* Project object */;
			proxyType = 1;
			remoteGlobalIDString = 049B1E6A210031F300310FF6;
			remoteInfo = CYou;
		};
/* End PBXContainerItemProxy section */

/* Begin PBXFileReference section */
		04067951210EBE3000F109FF /* first_selected@2x.png */ = {isa = PBXFileReference; lastKnownFileType = image.png; path = "first_selected@2x.png"; sourceTree = "<group>"; };
		04067952210EBE3000F109FF /* second_normal.png */ = {isa = PBXFileReference; lastKnownFileType = image.png; path = second_normal.png; sourceTree = "<group>"; };
		04067953210EBE3000F109FF /* third_normal@2x.png */ = {isa = PBXFileReference; lastKnownFileType = image.png; path = "third_normal@2x.png"; sourceTree = "<group>"; };
		04067954210EBE3000F109FF /* third_selected@2x.png */ = {isa = PBXFileReference; lastKnownFileType = image.png; path = "third_selected@2x.png"; sourceTree = "<group>"; };
		04067955210EBE3000F109FF /* second_selected.png */ = {isa = PBXFileReference; lastKnownFileType = image.png; path = second_selected.png; sourceTree = "<group>"; };
		04067956210EBE3000F109FF /* jiajia.png */ = {isa = PBXFileReference; lastKnownFileType = image.png; path = jiajia.png; sourceTree = "<group>"; };
		04067957210EBE3000F109FF /* fourth_normal@2x.png */ = {isa = PBXFileReference; lastKnownFileType = image.png; path = "fourth_normal@2x.png"; sourceTree = "<group>"; };
		04067958210EBE3000F109FF /* fourth_selected@3x.png */ = {isa = PBXFileReference; lastKnownFileType = image.png; path = "fourth_selected@3x.png"; sourceTree = "<group>"; };
		04067959210EBE3000F109FF /* third_selected.png */ = {isa = PBXFileReference; lastKnownFileType = image.png; path = third_selected.png; sourceTree = "<group>"; };
		0406795A210EBE3000F109FF /* third_normal@3x.png */ = {isa = PBXFileReference; lastKnownFileType = image.png; path = "third_normal@3x.png"; sourceTree = "<group>"; };
		0406795B210EBE3000F109FF /* fourth_normal@3x.png */ = {isa = PBXFileReference; lastKnownFileType = image.png; path = "fourth_normal@3x.png"; sourceTree = "<group>"; };
		0406795C210EBE3000F109FF /* first_normal@3x.png */ = {isa = PBXFileReference; lastKnownFileType = image.png; path = "first_normal@3x.png"; sourceTree = "<group>"; };
		0406795D210EBE3000F109FF /* second_normal@2x.png */ = {isa = PBXFileReference; lastKnownFileType = image.png; path = "second_normal@2x.png"; sourceTree = "<group>"; };
		0406795E210EBE3000F109FF /* second_selected@2x.png */ = {isa = PBXFileReference; lastKnownFileType = image.png; path = "second_selected@2x.png"; sourceTree = "<group>"; };
		0406795F210EBE3100F109FF /* first_normal@2x.png */ = {isa = PBXFileReference; lastKnownFileType = image.png; path = "first_normal@2x.png"; sourceTree = "<group>"; };
		04067960210EBE3100F109FF /* first_selected.png */ = {isa = PBXFileReference; lastKnownFileType = image.png; path = first_selected.png; sourceTree = "<group>"; };
		04067961210EBE3100F109FF /* third_selected@3x.png */ = {isa = PBXFileReference; lastKnownFileType = image.png; path = "third_selected@3x.png"; sourceTree = "<group>"; };
		04067962210EBE3100F109FF /* fourth_normal.png */ = {isa = PBXFileReference; lastKnownFileType = image.png; path = fourth_normal.png; sourceTree = "<group>"; };
		04067963210EBE3100F109FF /* fourth_selected.png */ = {isa = PBXFileReference; lastKnownFileType = image.png; path = fourth_selected.png; sourceTree = "<group>"; };
		04067964210EBE3100F109FF /* fourth_selected@2x.png */ = {isa = PBXFileReference; lastKnownFileType = image.png; path = "fourth_selected@2x.png"; sourceTree = "<group>"; };
		04067965210EBE3100F109FF /* first_selected@3x.png */ = {isa = PBXFileReference; lastKnownFileType = image.png; path = "first_selected@3x.png"; sourceTree = "<group>"; };
		04067966210EBE3100F109FF /* first_normal.png */ = {isa = PBXFileReference; lastKnownFileType = image.png; path = first_normal.png; sourceTree = "<group>"; };
		04067967210EBE3100F109FF /* second_selected@3x.png */ = {isa = PBXFileReference; lastKnownFileType = image.png; path = "second_selected@3x.png"; sourceTree = "<group>"; };
		04067968210EBE3100F109FF /* third_normal.png */ = {isa = PBXFileReference; lastKnownFileType = image.png; path = third_normal.png; sourceTree = "<group>"; };
		04067969210EBE3100F109FF /* second_normal@3x.png */ = {isa = PBXFileReference; lastKnownFileType = image.png; path = "second_normal@3x.png"; sourceTree = "<group>"; };
		04067987210EE24500F109FF /* GZNavigationBar.h */ = {isa = PBXFileReference; lastKnownFileType = sourcecode.c.h; path = GZNavigationBar.h; sourceTree = "<group>"; };
		04067988210EE24500F109FF /* GZNavigationBar.m */ = {isa = PBXFileReference; lastKnownFileType = sourcecode.c.objc; path = GZNavigationBar.m; sourceTree = "<group>"; };
		0406798B210EEA7500F109FF /* StatueBar.h */ = {isa = PBXFileReference; lastKnownFileType = sourcecode.c.h; path = StatueBar.h; sourceTree = "<group>"; };
		0406798C210EEA7500F109FF /* StatueBar.m */ = {isa = PBXFileReference; lastKnownFileType = sourcecode.c.objc; path = StatueBar.m; sourceTree = "<group>"; };
		042DAF07211007EE00EA7858 /* ModifyTheStoreVC.h */ = {isa = PBXFileReference; lastKnownFileType = sourcecode.c.h; path = ModifyTheStoreVC.h; sourceTree = "<group>"; };
		042DAF08211007EE00EA7858 /* ModifyTheStoreVC.m */ = {isa = PBXFileReference; lastKnownFileType = sourcecode.c.objc; path = ModifyTheStoreVC.m; sourceTree = "<group>"; };
		042DAF112110109300EA7858 /* MTSTableView.h */ = {isa = PBXFileReference; lastKnownFileType = sourcecode.c.h; path = MTSTableView.h; sourceTree = "<group>"; };
		042DAF122110109300EA7858 /* MTSTableView.m */ = {isa = PBXFileReference; lastKnownFileType = sourcecode.c.objc; path = MTSTableView.m; sourceTree = "<group>"; };
		042DAF142110430200EA7858 /* MTSViewModel.h */ = {isa = PBXFileReference; lastKnownFileType = sourcecode.c.h; path = MTSViewModel.h; sourceTree = "<group>"; };
		042DAF152110430200EA7858 /* MTSViewModel.m */ = {isa = PBXFileReference; lastKnownFileType = sourcecode.c.objc; path = MTSViewModel.m; sourceTree = "<group>"; };
		0467855E21085E86005C66EF /* BaseRequest.h */ = {isa = PBXFileReference; lastKnownFileType = sourcecode.c.h; path = BaseRequest.h; sourceTree = "<group>"; };
		0467855F21085E86005C66EF /* BaseRequest.m */ = {isa = PBXFileReference; lastKnownFileType = sourcecode.c.objc; path = BaseRequest.m; sourceTree = "<group>"; };
		0490AD572114062F00EF8BD2 /* CeshiProtocol.h */ = {isa = PBXFileReference; lastKnownFileType = sourcecode.c.h; path = CeshiProtocol.h; sourceTree = "<group>"; };
		04983A4E2117E74500F3A1D6 /* ModeifySecondTableViewCell.h */ = {isa = PBXFileReference; lastKnownFileType = sourcecode.c.h; path = ModeifySecondTableViewCell.h; sourceTree = "<group>"; };
		04983A4F2117E74500F3A1D6 /* ModeifySecondTableViewCell.m */ = {isa = PBXFileReference; lastKnownFileType = sourcecode.c.objc; path = ModeifySecondTableViewCell.m; sourceTree = "<group>"; };
		04983A5221182E2E00F3A1D6 /* ModeifyThirdTableViewCell.h */ = {isa = PBXFileReference; lastKnownFileType = sourcecode.c.h; path = ModeifyThirdTableViewCell.h; sourceTree = "<group>"; };
		04983A5321182E2E00F3A1D6 /* ModeifyThirdTableViewCell.m */ = {isa = PBXFileReference; lastKnownFileType = sourcecode.c.objc; path = ModeifyThirdTableViewCell.m; sourceTree = "<group>"; };
		049B1E6B210031F300310FF6 /* CYou.app */ = {isa = PBXFileReference; explicitFileType = wrapper.application; includeInIndex = 0; path = CYou.app; sourceTree = BUILT_PRODUCTS_DIR; };
		049B1E6E210031F300310FF6 /* AppDelegate.h */ = {isa = PBXFileReference; lastKnownFileType = sourcecode.c.h; path = AppDelegate.h; sourceTree = "<group>"; };
		049B1E6F210031F300310FF6 /* AppDelegate.m */ = {isa = PBXFileReference; lastKnownFileType = sourcecode.c.objc; path = AppDelegate.m; sourceTree = "<group>"; };
		049B1E71210031F300310FF6 /* ViewController.h */ = {isa = PBXFileReference; lastKnownFileType = sourcecode.c.h; path = ViewController.h; sourceTree = "<group>"; };
		049B1E72210031F300310FF6 /* ViewController.m */ = {isa = PBXFileReference; lastKnownFileType = sourcecode.c.objc; path = ViewController.m; sourceTree = "<group>"; };
		049B1E78210031F400310FF6 /* CYou.xcdatamodel */ = {isa = PBXFileReference; lastKnownFileType = wrapper.xcdatamodel; path = CYou.xcdatamodel; sourceTree = "<group>"; };
		049B1E7A2100323E00310FF6 /* Assets.xcassets */ = {isa = PBXFileReference; lastKnownFileType = folder.assetcatalog; path = Assets.xcassets; sourceTree = "<group>"; };
		049B1E7F2100323E00310FF6 /* Info.plist */ = {isa = PBXFileReference; lastKnownFileType = text.plist.xml; path = Info.plist; sourceTree = "<group>"; };
		049B1E802100323E00310FF6 /* main.m */ = {isa = PBXFileReference; lastKnownFileType = sourcecode.c.objc; path = main.m; sourceTree = "<group>"; };
		049B1E862100324200310FF6 /* CYouTests.xctest */ = {isa = PBXFileReference; explicitFileType = wrapper.cfbundle; includeInIndex = 0; path = CYouTests.xctest; sourceTree = BUILT_PRODUCTS_DIR; };
		049B1E8A2100324200310FF6 /* CYouTests.m */ = {isa = PBXFileReference; lastKnownFileType = sourcecode.c.objc; path = CYouTests.m; sourceTree = "<group>"; };
		049B1E8C2100324200310FF6 /* Info.plist */ = {isa = PBXFileReference; lastKnownFileType = text.plist.xml; path = Info.plist; sourceTree = "<group>"; };
		049B1E912100324200310FF6 /* CYouUITests.xctest */ = {isa = PBXFileReference; explicitFileType = wrapper.cfbundle; includeInIndex = 0; path = CYouUITests.xctest; sourceTree = BUILT_PRODUCTS_DIR; };
		049B1E952100324200310FF6 /* CYouUITests.m */ = {isa = PBXFileReference; lastKnownFileType = sourcecode.c.objc; path = CYouUITests.m; sourceTree = "<group>"; };
		049B1E972100324200310FF6 /* Info.plist */ = {isa = PBXFileReference; lastKnownFileType = text.plist.xml; path = Info.plist; sourceTree = "<group>"; };
		049B1EA6210039C000310FF6 /* BaseViewController.h */ = {isa = PBXFileReference; lastKnownFileType = sourcecode.c.h; path = BaseViewController.h; sourceTree = "<group>"; };
		049B1EA7210039C000310FF6 /* BaseViewController.m */ = {isa = PBXFileReference; lastKnownFileType = sourcecode.c.objc; path = BaseViewController.m; sourceTree = "<group>"; };
		049B1EAB21003DC000310FF6 /* mainController.h */ = {isa = PBXFileReference; lastKnownFileType = sourcecode.c.h; path = mainController.h; sourceTree = "<group>"; };
		049B1EAC21003DC000310FF6 /* mainController.m */ = {isa = PBXFileReference; lastKnownFileType = sourcecode.c.objc; path = mainController.m; sourceTree = "<group>"; };
		049B1EAF21003E2A00310FF6 /* GZViewController.h */ = {isa = PBXFileReference; lastKnownFileType = sourcecode.c.h; path = GZViewController.h; sourceTree = "<group>"; };
		049B1EB021003E2A00310FF6 /* GZViewController.m */ = {isa = PBXFileReference; lastKnownFileType = sourcecode.c.objc; path = GZViewController.m; sourceTree = "<group>"; };
		049B1EB521003E8E00310FF6 /* WKViewController.h */ = {isa = PBXFileReference; lastKnownFileType = sourcecode.c.h; path = WKViewController.h; sourceTree = "<group>"; };
		049B1EB621003E8E00310FF6 /* WKViewController.m */ = {isa = PBXFileReference; lastKnownFileType = sourcecode.c.objc; path = WKViewController.m; sourceTree = "<group>"; };
		049B1EB821003EA500310FF6 /* PersonViewController.h */ = {isa = PBXFileReference; lastKnownFileType = sourcecode.c.h; path = PersonViewController.h; sourceTree = "<group>"; };
		049B1EB921003EA500310FF6 /* PersonViewController.m */ = {isa = PBXFileReference; lastKnownFileType = sourcecode.c.objc; path = PersonViewController.m; sourceTree = "<group>"; };
		049B1EBB21003EB600310FF6 /* ZPViewController.h */ = {isa = PBXFileReference; lastKnownFileType = sourcecode.c.h; path = ZPViewController.h; sourceTree = "<group>"; };
		049B1EBC21003EB600310FF6 /* ZPViewController.m */ = {isa = PBXFileReference; lastKnownFileType = sourcecode.c.objc; path = ZPViewController.m; sourceTree = "<group>"; };
		049B1EC221006B2B00310FF6 /* YQ_TabBar.h */ = {isa = PBXFileReference; lastKnownFileType = sourcecode.c.h; path = YQ_TabBar.h; sourceTree = "<group>"; };
		049B1EC321006B2B00310FF6 /* YQ_TabBar.m */ = {isa = PBXFileReference; lastKnownFileType = sourcecode.c.objc; path = YQ_TabBar.m; sourceTree = "<group>"; };
		049B1EC821007C3400310FF6 /* BaseViewModel.h */ = {isa = PBXFileReference; lastKnownFileType = sourcecode.c.h; path = BaseViewModel.h; sourceTree = "<group>"; };
		049B1EC921007C3400310FF6 /* BaseViewModel.m */ = {isa = PBXFileReference; lastKnownFileType = sourcecode.c.objc; path = BaseViewModel.m; sourceTree = "<group>"; };
		04B651DB21193A7C00A277B5 /* UIColor+Extesion.h */ = {isa = PBXFileReference; lastKnownFileType = sourcecode.c.h; path = "UIColor+Extesion.h"; sourceTree = "<group>"; };
		04B651DC21193A7C00A277B5 /* UIColor+Extesion.m */ = {isa = PBXFileReference; lastKnownFileType = sourcecode.c.objc; path = "UIColor+Extesion.m"; sourceTree = "<group>"; };
		04B651DF21193D9600A277B5 /* UILabel+Extesion.h */ = {isa = PBXFileReference; lastKnownFileType = sourcecode.c.h; path = "UILabel+Extesion.h"; sourceTree = "<group>"; };
		04B651E021193D9600A277B5 /* UILabel+Extesion.m */ = {isa = PBXFileReference; lastKnownFileType = sourcecode.c.objc; path = "UILabel+Extesion.m"; sourceTree = "<group>"; };
		04B651E32119706100A277B5 /* ModeifyChooseSkillsCollectionViewCell.h */ = {isa = PBXFileReference; lastKnownFileType = sourcecode.c.h; path = ModeifyChooseSkillsCollectionViewCell.h; sourceTree = "<group>"; };
		04B651E42119706100A277B5 /* ModeifyChooseSkillsCollectionViewCell.m */ = {isa = PBXFileReference; lastKnownFileType = sourcecode.c.objc; path = ModeifyChooseSkillsCollectionViewCell.m; sourceTree = "<group>"; };
		04BC5537211C214100F34C95 /* LocationViewController.h */ = {isa = PBXFileReference; lastKnownFileType = sourcecode.c.h; path = LocationViewController.h; sourceTree = "<group>"; };
		04BC5538211C214100F34C95 /* LocationViewController.m */ = {isa = PBXFileReference; lastKnownFileType = sourcecode.c.objc; path = LocationViewController.m; sourceTree = "<group>"; };
		04BC553C211C34F900F34C95 /* AMapFoundationKit.framework */ = {isa = PBXFileReference; lastKnownFileType = wrapper.framework; path = AMapFoundationKit.framework; sourceTree = "<group>"; };
		04C98B45210173C20001069D /* AFCompatibilityMacros.h */ = {isa = PBXFileReference; fileEncoding = 4; lastKnownFileType = sourcecode.c.h; path = AFCompatibilityMacros.h; sourceTree = "<group>"; };
		04C98B46210173C20001069D /* AFHTTPSessionManager.h */ = {isa = PBXFileReference; fileEncoding = 4; lastKnownFileType = sourcecode.c.h; path = AFHTTPSessionManager.h; sourceTree = "<group>"; };
		04C98B47210173C20001069D /* AFHTTPSessionManager.m */ = {isa = PBXFileReference; fileEncoding = 4; lastKnownFileType = sourcecode.c.objc; path = AFHTTPSessionManager.m; sourceTree = "<group>"; };
		04C98B48210173C20001069D /* AFNetworking.h */ = {isa = PBXFileReference; fileEncoding = 4; lastKnownFileType = sourcecode.c.h; path = AFNetworking.h; sourceTree = "<group>"; };
		04C98B49210173C20001069D /* AFNetworkReachabilityManager.h */ = {isa = PBXFileReference; fileEncoding = 4; lastKnownFileType = sourcecode.c.h; path = AFNetworkReachabilityManager.h; sourceTree = "<group>"; };
		04C98B4A210173C20001069D /* AFNetworkReachabilityManager.m */ = {isa = PBXFileReference; fileEncoding = 4; lastKnownFileType = sourcecode.c.objc; path = AFNetworkReachabilityManager.m; sourceTree = "<group>"; };
		04C98B4B210173C20001069D /* AFSecurityPolicy.h */ = {isa = PBXFileReference; fileEncoding = 4; lastKnownFileType = sourcecode.c.h; path = AFSecurityPolicy.h; sourceTree = "<group>"; };
		04C98B4C210173C20001069D /* AFSecurityPolicy.m */ = {isa = PBXFileReference; fileEncoding = 4; lastKnownFileType = sourcecode.c.objc; path = AFSecurityPolicy.m; sourceTree = "<group>"; };
		04C98B4D210173C20001069D /* AFURLRequestSerialization.h */ = {isa = PBXFileReference; fileEncoding = 4; lastKnownFileType = sourcecode.c.h; path = AFURLRequestSerialization.h; sourceTree = "<group>"; };
		04C98B4E210173C20001069D /* AFURLRequestSerialization.m */ = {isa = PBXFileReference; fileEncoding = 4; lastKnownFileType = sourcecode.c.objc; path = AFURLRequestSerialization.m; sourceTree = "<group>"; };
		04C98B4F210173C20001069D /* AFURLResponseSerialization.h */ = {isa = PBXFileReference; fileEncoding = 4; lastKnownFileType = sourcecode.c.h; path = AFURLResponseSerialization.h; sourceTree = "<group>"; };
		04C98B50210173C20001069D /* AFURLResponseSerialization.m */ = {isa = PBXFileReference; fileEncoding = 4; lastKnownFileType = sourcecode.c.objc; path = AFURLResponseSerialization.m; sourceTree = "<group>"; };
		04C98B51210173C20001069D /* AFURLSessionManager.h */ = {isa = PBXFileReference; fileEncoding = 4; lastKnownFileType = sourcecode.c.h; path = AFURLSessionManager.h; sourceTree = "<group>"; };
		04C98B52210173C20001069D /* AFURLSessionManager.m */ = {isa = PBXFileReference; fileEncoding = 4; lastKnownFileType = sourcecode.c.objc; path = AFURLSessionManager.m; sourceTree = "<group>"; };
		04C98B54210173C20001069D /* AFAutoPurgingImageCache.h */ = {isa = PBXFileReference; fileEncoding = 4; lastKnownFileType = sourcecode.c.h; path = AFAutoPurgingImageCache.h; sourceTree = "<group>"; };
		04C98B55210173C20001069D /* AFAutoPurgingImageCache.m */ = {isa = PBXFileReference; fileEncoding = 4; lastKnownFileType = sourcecode.c.objc; path = AFAutoPurgingImageCache.m; sourceTree = "<group>"; };
		04C98B56210173C20001069D /* AFImageDownloader.h */ = {isa = PBXFileReference; fileEncoding = 4; lastKnownFileType = sourcecode.c.h; path = AFImageDownloader.h; sourceTree = "<group>"; };
		04C98B57210173C20001069D /* AFImageDownloader.m */ = {isa = PBXFileReference; fileEncoding = 4; lastKnownFileType = sourcecode.c.objc; path = AFImageDownloader.m; sourceTree = "<group>"; };
		04C98B58210173C20001069D /* AFNetworkActivityIndicatorManager.h */ = {isa = PBXFileReference; fileEncoding = 4; lastKnownFileType = sourcecode.c.h; path = AFNetworkActivityIndicatorManager.h; sourceTree = "<group>"; };
		04C98B59210173C20001069D /* AFNetworkActivityIndicatorManager.m */ = {isa = PBXFileReference; fileEncoding = 4; lastKnownFileType = sourcecode.c.objc; path = AFNetworkActivityIndicatorManager.m; sourceTree = "<group>"; };
		04C98B5A210173C20001069D /* UIActivityIndicatorView+AFNetworking.h */ = {isa = PBXFileReference; fileEncoding = 4; lastKnownFileType = sourcecode.c.h; path = "UIActivityIndicatorView+AFNetworking.h"; sourceTree = "<group>"; };
		04C98B5B210173C20001069D /* UIActivityIndicatorView+AFNetworking.m */ = {isa = PBXFileReference; fileEncoding = 4; lastKnownFileType = sourcecode.c.objc; path = "UIActivityIndicatorView+AFNetworking.m"; sourceTree = "<group>"; };
		04C98B5C210173C20001069D /* UIButton+AFNetworking.h */ = {isa = PBXFileReference; fileEncoding = 4; lastKnownFileType = sourcecode.c.h; path = "UIButton+AFNetworking.h"; sourceTree = "<group>"; };
		04C98B5D210173C20001069D /* UIButton+AFNetworking.m */ = {isa = PBXFileReference; fileEncoding = 4; lastKnownFileType = sourcecode.c.objc; path = "UIButton+AFNetworking.m"; sourceTree = "<group>"; };
		04C98B5E210173C20001069D /* UIImage+AFNetworking.h */ = {isa = PBXFileReference; fileEncoding = 4; lastKnownFileType = sourcecode.c.h; path = "UIImage+AFNetworking.h"; sourceTree = "<group>"; };
		04C98B5F210173C20001069D /* UIImageView+AFNetworking.h */ = {isa = PBXFileReference; fileEncoding = 4; lastKnownFileType = sourcecode.c.h; path = "UIImageView+AFNetworking.h"; sourceTree = "<group>"; };
		04C98B60210173C20001069D /* UIImageView+AFNetworking.m */ = {isa = PBXFileReference; fileEncoding = 4; lastKnownFileType = sourcecode.c.objc; path = "UIImageView+AFNetworking.m"; sourceTree = "<group>"; };
		04C98B61210173C20001069D /* UIKit+AFNetworking.h */ = {isa = PBXFileReference; fileEncoding = 4; lastKnownFileType = sourcecode.c.h; path = "UIKit+AFNetworking.h"; sourceTree = "<group>"; };
		04C98B62210173C20001069D /* UIProgressView+AFNetworking.h */ = {isa = PBXFileReference; fileEncoding = 4; lastKnownFileType = sourcecode.c.h; path = "UIProgressView+AFNetworking.h"; sourceTree = "<group>"; };
		04C98B63210173C20001069D /* UIProgressView+AFNetworking.m */ = {isa = PBXFileReference; fileEncoding = 4; lastKnownFileType = sourcecode.c.objc; path = "UIProgressView+AFNetworking.m"; sourceTree = "<group>"; };
		04C98B64210173C20001069D /* UIRefreshControl+AFNetworking.h */ = {isa = PBXFileReference; fileEncoding = 4; lastKnownFileType = sourcecode.c.h; path = "UIRefreshControl+AFNetworking.h"; sourceTree = "<group>"; };
		04C98B65210173C20001069D /* UIRefreshControl+AFNetworking.m */ = {isa = PBXFileReference; fileEncoding = 4; lastKnownFileType = sourcecode.c.objc; path = "UIRefreshControl+AFNetworking.m"; sourceTree = "<group>"; };
		04C98B66210173C20001069D /* UIWebView+AFNetworking.h */ = {isa = PBXFileReference; fileEncoding = 4; lastKnownFileType = sourcecode.c.h; path = "UIWebView+AFNetworking.h"; sourceTree = "<group>"; };
		04C98B67210173C20001069D /* UIWebView+AFNetworking.m */ = {isa = PBXFileReference; fileEncoding = 4; lastKnownFileType = sourcecode.c.objc; path = "UIWebView+AFNetworking.m"; sourceTree = "<group>"; };
		04C98B77210174010001069D /* YQ_PrefixHeader.pch */ = {isa = PBXFileReference; lastKnownFileType = sourcecode.c.h; path = YQ_PrefixHeader.pch; sourceTree = "<group>"; };
		04CA86DD21119B5E00282325 /* ModeifyFirstTableViewCell.h */ = {isa = PBXFileReference; lastKnownFileType = sourcecode.c.h; path = ModeifyFirstTableViewCell.h; sourceTree = "<group>"; };
		04CA86DE21119B5E00282325 /* ModeifyFirstTableViewCell.m */ = {isa = PBXFileReference; lastKnownFileType = sourcecode.c.objc; path = ModeifyFirstTableViewCell.m; sourceTree = "<group>"; };
		04CA86E62111A9C000282325 /* Info.plist */ = {isa = PBXFileReference; fileEncoding = 4; lastKnownFileType = text.plist.xml; path = Info.plist; sourceTree = "<group>"; };
		04CA86E72111A9C000282325 /* MASCompositeConstraint.h */ = {isa = PBXFileReference; fileEncoding = 4; lastKnownFileType = sourcecode.c.h; path = MASCompositeConstraint.h; sourceTree = "<group>"; };
		04CA86E82111A9C000282325 /* MASCompositeConstraint.m */ = {isa = PBXFileReference; fileEncoding = 4; lastKnownFileType = sourcecode.c.objc; path = MASCompositeConstraint.m; sourceTree = "<group>"; };
		04CA86E92111A9C000282325 /* MASConstraint+Private.h */ = {isa = PBXFileReference; fileEncoding = 4; lastKnownFileType = sourcecode.c.h; path = "MASConstraint+Private.h"; sourceTree = "<group>"; };
		04CA86EA2111A9C000282325 /* MASConstraint.h */ = {isa = PBXFileReference; fileEncoding = 4; lastKnownFileType = sourcecode.c.h; path = MASConstraint.h; sourceTree = "<group>"; };
		04CA86EB2111A9C000282325 /* MASConstraint.m */ = {isa = PBXFileReference; fileEncoding = 4; lastKnownFileType = sourcecode.c.objc; path = MASConstraint.m; sourceTree = "<group>"; };
		04CA86EC2111A9C000282325 /* MASConstraintMaker.h */ = {isa = PBXFileReference; fileEncoding = 4; lastKnownFileType = sourcecode.c.h; path = MASConstraintMaker.h; sourceTree = "<group>"; };
		04CA86ED2111A9C000282325 /* MASConstraintMaker.m */ = {isa = PBXFileReference; fileEncoding = 4; lastKnownFileType = sourcecode.c.objc; path = MASConstraintMaker.m; sourceTree = "<group>"; };
		04CA86EE2111A9C000282325 /* MASLayoutConstraint.h */ = {isa = PBXFileReference; fileEncoding = 4; lastKnownFileType = sourcecode.c.h; path = MASLayoutConstraint.h; sourceTree = "<group>"; };
		04CA86EF2111A9C000282325 /* MASLayoutConstraint.m */ = {isa = PBXFileReference; fileEncoding = 4; lastKnownFileType = sourcecode.c.objc; path = MASLayoutConstraint.m; sourceTree = "<group>"; };
		04CA86F02111A9C000282325 /* Masonry.h */ = {isa = PBXFileReference; fileEncoding = 4; lastKnownFileType = sourcecode.c.h; path = Masonry.h; sourceTree = "<group>"; };
		04CA86F12111A9C000282325 /* MASUtilities.h */ = {isa = PBXFileReference; fileEncoding = 4; lastKnownFileType = sourcecode.c.h; path = MASUtilities.h; sourceTree = "<group>"; };
		04CA86F22111A9C000282325 /* MASViewAttribute.h */ = {isa = PBXFileReference; fileEncoding = 4; lastKnownFileType = sourcecode.c.h; path = MASViewAttribute.h; sourceTree = "<group>"; };
		04CA86F32111A9C000282325 /* MASViewAttribute.m */ = {isa = PBXFileReference; fileEncoding = 4; lastKnownFileType = sourcecode.c.objc; path = MASViewAttribute.m; sourceTree = "<group>"; };
		04CA86F42111A9C000282325 /* MASViewConstraint.h */ = {isa = PBXFileReference; fileEncoding = 4; lastKnownFileType = sourcecode.c.h; path = MASViewConstraint.h; sourceTree = "<group>"; };
		04CA86F52111A9C000282325 /* MASViewConstraint.m */ = {isa = PBXFileReference; fileEncoding = 4; lastKnownFileType = sourcecode.c.objc; path = MASViewConstraint.m; sourceTree = "<group>"; };
		04CA86F62111A9C000282325 /* NSArray+MASAdditions.h */ = {isa = PBXFileReference; fileEncoding = 4; lastKnownFileType = sourcecode.c.h; path = "NSArray+MASAdditions.h"; sourceTree = "<group>"; };
		04CA86F72111A9C000282325 /* NSArray+MASAdditions.m */ = {isa = PBXFileReference; fileEncoding = 4; lastKnownFileType = sourcecode.c.objc; path = "NSArray+MASAdditions.m"; sourceTree = "<group>"; };
		04CA86F82111A9C000282325 /* NSArray+MASShorthandAdditions.h */ = {isa = PBXFileReference; fileEncoding = 4; lastKnownFileType = sourcecode.c.h; path = "NSArray+MASShorthandAdditions.h"; sourceTree = "<group>"; };
		04CA86F92111A9C000282325 /* NSLayoutConstraint+MASDebugAdditions.h */ = {isa = PBXFileReference; fileEncoding = 4; lastKnownFileType = sourcecode.c.h; path = "NSLayoutConstraint+MASDebugAdditions.h"; sourceTree = "<group>"; };
		04CA86FA2111A9C000282325 /* NSLayoutConstraint+MASDebugAdditions.m */ = {isa = PBXFileReference; fileEncoding = 4; lastKnownFileType = sourcecode.c.objc; path = "NSLayoutConstraint+MASDebugAdditions.m"; sourceTree = "<group>"; };
		04CA86FB2111A9C000282325 /* View+MASAdditions.h */ = {isa = PBXFileReference; fileEncoding = 4; lastKnownFileType = sourcecode.c.h; path = "View+MASAdditions.h"; sourceTree = "<group>"; };
		04CA86FC2111A9C000282325 /* View+MASAdditions.m */ = {isa = PBXFileReference; fileEncoding = 4; lastKnownFileType = sourcecode.c.objc; path = "View+MASAdditions.m"; sourceTree = "<group>"; };
		04CA86FD2111A9C000282325 /* View+MASShorthandAdditions.h */ = {isa = PBXFileReference; fileEncoding = 4; lastKnownFileType = sourcecode.c.h; path = "View+MASShorthandAdditions.h"; sourceTree = "<group>"; };
		04CA86FE2111A9C000282325 /* ViewController+MASAdditions.h */ = {isa = PBXFileReference; fileEncoding = 4; lastKnownFileType = sourcecode.c.h; path = "ViewController+MASAdditions.h"; sourceTree = "<group>"; };
		04CA86FF2111A9C000282325 /* ViewController+MASAdditions.m */ = {isa = PBXFileReference; fileEncoding = 4; lastKnownFileType = sourcecode.c.objc; path = "ViewController+MASAdditions.m"; sourceTree = "<group>"; };
		04CA870B2111B0AA00282325 /* ModeifyFirstModel.h */ = {isa = PBXFileReference; lastKnownFileType = sourcecode.c.h; path = ModeifyFirstModel.h; sourceTree = "<group>"; };
		04CA870C2111B0AA00282325 /* ModeifyFirstModel.m */ = {isa = PBXFileReference; lastKnownFileType = sourcecode.c.objc; path = ModeifyFirstModel.m; sourceTree = "<group>"; };
		04E59CA62106B8EE0033813E /* AFNetworking_YQ.h */ = {isa = PBXFileReference; lastKnownFileType = sourcecode.c.h; path = AFNetworking_YQ.h; sourceTree = "<group>"; };
		04E59CA72106B8EE0033813E /* AFNetworking_YQ.m */ = {isa = PBXFileReference; lastKnownFileType = sourcecode.c.objc; path = AFNetworking_YQ.m; sourceTree = "<group>"; };
		04E59CA92106CCFA0033813E /* AppDelegate+OperatingState.h */ = {isa = PBXFileReference; lastKnownFileType = sourcecode.c.h; path = "AppDelegate+OperatingState.h"; sourceTree = "<group>"; };
		04E59CAA2106CCFA0033813E /* AppDelegate+OperatingState.m */ = {isa = PBXFileReference; lastKnownFileType = sourcecode.c.objc; path = "AppDelegate+OperatingState.m"; sourceTree = "<group>"; };
		04E59CAD2106CF1D0033813E /* AppDelegate+Interface.h */ = {isa = PBXFileReference; lastKnownFileType = sourcecode.c.h; path = "AppDelegate+Interface.h"; sourceTree = "<group>"; };
		04E59CAE2106CF1D0033813E /* AppDelegate+Interface.m */ = {isa = PBXFileReference; lastKnownFileType = sourcecode.c.objc; path = "AppDelegate+Interface.m"; sourceTree = "<group>"; };
/* End PBXFileReference section */

/* Begin PBXFrameworksBuildPhase section */
		049B1E68210031F300310FF6 /* Frameworks */ = {
			isa = PBXFrameworksBuildPhase;
			buildActionMask = 2147483647;
			files = (
				04BC553D211C34F900F34C95 /* AMapFoundationKit.framework in Frameworks */,
			);
			runOnlyForDeploymentPostprocessing = 0;
		};
		049B1E832100324200310FF6 /* Frameworks */ = {
			isa = PBXFrameworksBuildPhase;
			buildActionMask = 2147483647;
			files = (
			);
			runOnlyForDeploymentPostprocessing = 0;
		};
		049B1E8E2100324200310FF6 /* Frameworks */ = {
			isa = PBXFrameworksBuildPhase;
			buildActionMask = 2147483647;
			files = (
			);
			runOnlyForDeploymentPostprocessing = 0;
		};
/* End PBXFrameworksBuildPhase section */

/* Begin PBXGroup section */
		0406794F210EBBC200F109FF /* AllImage */ = {
			isa = PBXGroup;
			children = (
				04067950210EBBD300F109FF /* TabBar_icon */,
			);
			path = AllImage;
			sourceTree = "<group>";
		};
		04067950210EBBD300F109FF /* TabBar_icon */ = {
			isa = PBXGroup;
			children = (
				04067966210EBE3100F109FF /* first_normal.png */,
				0406795F210EBE3100F109FF /* first_normal@2x.png */,
				0406795C210EBE3000F109FF /* first_normal@3x.png */,
				04067960210EBE3100F109FF /* first_selected.png */,
				04067951210EBE3000F109FF /* first_selected@2x.png */,
				04067965210EBE3100F109FF /* first_selected@3x.png */,
				04067962210EBE3100F109FF /* fourth_normal.png */,
				04067957210EBE3000F109FF /* fourth_normal@2x.png */,
				0406795B210EBE3000F109FF /* fourth_normal@3x.png */,
				04067963210EBE3100F109FF /* fourth_selected.png */,
				04067964210EBE3100F109FF /* fourth_selected@2x.png */,
				04067958210EBE3000F109FF /* fourth_selected@3x.png */,
				04067956210EBE3000F109FF /* jiajia.png */,
				04067952210EBE3000F109FF /* second_normal.png */,
				0406795D210EBE3000F109FF /* second_normal@2x.png */,
				04067969210EBE3100F109FF /* second_normal@3x.png */,
				04067955210EBE3000F109FF /* second_selected.png */,
				0406795E210EBE3000F109FF /* second_selected@2x.png */,
				04067967210EBE3100F109FF /* second_selected@3x.png */,
				04067968210EBE3100F109FF /* third_normal.png */,
				04067953210EBE3000F109FF /* third_normal@2x.png */,
				0406795A210EBE3000F109FF /* third_normal@3x.png */,
				04067959210EBE3000F109FF /* third_selected.png */,
				04067954210EBE3000F109FF /* third_selected@2x.png */,
				04067961210EBE3100F109FF /* third_selected@3x.png */,
			);
			path = TabBar_icon;
			sourceTree = "<group>";
		};
		04067983210EDFFD00F109FF /* View */ = {
			isa = PBXGroup;
			children = (
				04067985210EE08800F109FF /* GZNavigationBar */,
			);
			path = View;
			sourceTree = "<group>";
		};
		04067984210EE00800F109FF /* Model */ = {
			isa = PBXGroup;
			children = (
			);
			path = Model;
			sourceTree = "<group>";
		};
		04067985210EE08800F109FF /* GZNavigationBar */ = {
			isa = PBXGroup;
			children = (
				04067987210EE24500F109FF /* GZNavigationBar.h */,
				04067988210EE24500F109FF /* GZNavigationBar.m */,
			);
			path = GZNavigationBar;
			sourceTree = "<group>";
		};
		04067986210EE11F00F109FF /* BaseView */ = {
			isa = PBXGroup;
			children = (
				0406798A210EE9FB00F109FF /* StatueBar */,
			);
			path = BaseView;
			sourceTree = "<group>";
		};
		0406798A210EE9FB00F109FF /* StatueBar */ = {
			isa = PBXGroup;
			children = (
				0406798B210EEA7500F109FF /* StatueBar.h */,
				0406798C210EEA7500F109FF /* StatueBar.m */,
			);
			path = StatueBar;
			sourceTree = "<group>";
		};
		042DAF042110078500EA7858 /* Demo */ = {
			isa = PBXGroup;
			children = (
				04BC5532211C207500F34C95 /* 定位 */,
				042DAF052110079A00EA7858 /* 店铺修改 */,
			);
			path = Demo;
			sourceTree = "<group>";
		};
		042DAF052110079A00EA7858 /* 店铺修改 */ = {
			isa = PBXGroup;
			children = (
				042DAF0C21100C1D00EA7858 /* ViewModel */,
				042DAF0B211008E100EA7858 /* Model */,
				042DAF0A211008D800EA7858 /* View */,
				042DAF06211007A600EA7858 /* VC */,
			);
			path = "店铺修改";
			sourceTree = "<group>";
		};
		042DAF06211007A600EA7858 /* VC */ = {
			isa = PBXGroup;
			children = (
				042DAF07211007EE00EA7858 /* ModifyTheStoreVC.h */,
				042DAF08211007EE00EA7858 /* ModifyTheStoreVC.m */,
			);
			path = VC;
			sourceTree = "<group>";
		};
		042DAF0A211008D800EA7858 /* View */ = {
			isa = PBXGroup;
			children = (
				04B651E22119702300A277B5 /* ModeifyChooseCollectionViewCell */,
				04983A512117E9BD00F3A1D6 /* viewTool */,
				04CA86DC21119AE400282325 /* ModeifyTableViewCell */,
				042DAF0D21100D6F00EA7858 /* ModifyTheStoreTableView */,
			);
			path = View;
			sourceTree = "<group>";
		};
		042DAF0B211008E100EA7858 /* Model */ = {
			isa = PBXGroup;
			children = (
				04CA870B2111B0AA00282325 /* ModeifyFirstModel.h */,
				04CA870C2111B0AA00282325 /* ModeifyFirstModel.m */,
			);
			path = Model;
			sourceTree = "<group>";
		};
		042DAF0C21100C1D00EA7858 /* ViewModel */ = {
			isa = PBXGroup;
			children = (
				042DAF142110430200EA7858 /* MTSViewModel.h */,
				042DAF152110430200EA7858 /* MTSViewModel.m */,
				0490AD572114062F00EF8BD2 /* CeshiProtocol.h */,
			);
			path = ViewModel;
			sourceTree = "<group>";
		};
		042DAF0D21100D6F00EA7858 /* ModifyTheStoreTableView */ = {
			isa = PBXGroup;
			children = (
				042DAF112110109300EA7858 /* MTSTableView.h */,
				042DAF122110109300EA7858 /* MTSTableView.m */,
			);
			path = ModifyTheStoreTableView;
			sourceTree = "<group>";
		};
		04983A512117E9BD00F3A1D6 /* viewTool */ = {
			isa = PBXGroup;
			children = (
			);
			path = viewTool;
			sourceTree = "<group>";
		};
		049B1E62210031F200310FF6 = {
			isa = PBXGroup;
			children = (
				049B1E6D210031F300310FF6 /* CYou */,
				049B1E892100324200310FF6 /* CYouTests */,
				049B1E942100324200310FF6 /* CYouUITests */,
				049B1E6C210031F300310FF6 /* Products */,
			);
			sourceTree = "<group>";
		};
		049B1E6C210031F300310FF6 /* Products */ = {
			isa = PBXGroup;
			children = (
				049B1E6B210031F300310FF6 /* CYou.app */,
				049B1E862100324200310FF6 /* CYouTests.xctest */,
				049B1E912100324200310FF6 /* CYouUITests.xctest */,
			);
			name = Products;
			sourceTree = "<group>";
		};
		049B1E6D210031F300310FF6 /* CYou */ = {
			isa = PBXGroup;
			children = (
				042DAF042110078500EA7858 /* Demo */,
				0406794F210EBBC200F109FF /* AllImage */,
				04C98B78210178720001069D /* Functoion */,
				04C98B422101722F0001069D /* OtherLib */,
				049B1EA921003CEF00310FF6 /* MainInterface */,
				049B1EA52100396800310FF6 /* Base */,
				049B1EA32100368D00310FF6 /* AppDelegate */,
				049B1E71210031F300310FF6 /* ViewController.h */,
				049B1E72210031F300310FF6 /* ViewController.m */,
				049B1EA42100386500310FF6 /* Supporting Files */,
			);
			path = CYou;
			sourceTree = "<group>";
		};
		049B1E892100324200310FF6 /* CYouTests */ = {
			isa = PBXGroup;
			children = (
				049B1E8A2100324200310FF6 /* CYouTests.m */,
				049B1E8C2100324200310FF6 /* Info.plist */,
			);
			path = CYouTests;
			sourceTree = "<group>";
		};
		049B1E942100324200310FF6 /* CYouUITests */ = {
			isa = PBXGroup;
			children = (
				049B1E952100324200310FF6 /* CYouUITests.m */,
				049B1E972100324200310FF6 /* Info.plist */,
			);
			path = CYouUITests;
			sourceTree = "<group>";
		};
		049B1EA32100368D00310FF6 /* AppDelegate */ = {
			isa = PBXGroup;
			children = (
				049B1E6E210031F300310FF6 /* AppDelegate.h */,
				049B1E6F210031F300310FF6 /* AppDelegate.m */,
				04E59CA92106CCFA0033813E /* AppDelegate+OperatingState.h */,
				04E59CAA2106CCFA0033813E /* AppDelegate+OperatingState.m */,
				04E59CAD2106CF1D0033813E /* AppDelegate+Interface.h */,
				04E59CAE2106CF1D0033813E /* AppDelegate+Interface.m */,
			);
			path = AppDelegate;
			sourceTree = "<group>";
		};
		049B1EA42100386500310FF6 /* Supporting Files */ = {
			isa = PBXGroup;
			children = (
				049B1E7F2100323E00310FF6 /* Info.plist */,
				049B1E7A2100323E00310FF6 /* Assets.xcassets */,
				049B1E77210031F400310FF6 /* CYou.xcdatamodeld */,
				049B1E802100323E00310FF6 /* main.m */,
				04C98B77210174010001069D /* YQ_PrefixHeader.pch */,
			);
			path = "Supporting Files";
			sourceTree = "<group>";
		};
		049B1EA52100396800310FF6 /* Base */ = {
			isa = PBXGroup;
			children = (
				04067986210EE11F00F109FF /* BaseView */,
				049B1EC721007A0600310FF6 /* ViewModel */,
				049B1EC62100788700310FF6 /* BaseVC */,
			);
			path = Base;
			sourceTree = "<group>";
		};
		049B1EA921003CEF00310FF6 /* MainInterface */ = {
			isa = PBXGroup;
			children = (
				049B1EB421003E5B00310FF6 /* 个人 */,
				049B1EB321003E4100310FF6 /* 作品 */,
				049B1EB221003E3600310FF6 /* 威客 */,
				049B1EAE21003DFF00310FF6 /* 雇主 */,
				049B1EAA21003D1F00310FF6 /* TabBar标签 */,
			);
			path = MainInterface;
			sourceTree = "<group>";
		};
		049B1EAA21003D1F00310FF6 /* TabBar标签 */ = {
			isa = PBXGroup;
			children = (
				049B1EC121006A6100310FF6 /* YQ_TabBar */,
				049B1EC02100697800310FF6 /* mainTabViewController */,
			);
			path = "TabBar标签";
			sourceTree = "<group>";
		};
		049B1EAE21003DFF00310FF6 /* 雇主 */ = {
			isa = PBXGroup;
			children = (
				04067984210EE00800F109FF /* Model */,
				04067983210EDFFD00F109FF /* View */,
				049B1EC52100785C00310FF6 /* VC */,
			);
			path = "雇主";
			sourceTree = "<group>";
		};
		049B1EB221003E3600310FF6 /* 威客 */ = {
			isa = PBXGroup;
			children = (
				049B1EB521003E8E00310FF6 /* WKViewController.h */,
				049B1EB621003E8E00310FF6 /* WKViewController.m */,
			);
			path = "威客";
			sourceTree = "<group>";
		};
		049B1EB321003E4100310FF6 /* 作品 */ = {
			isa = PBXGroup;
			children = (
				049B1EBB21003EB600310FF6 /* ZPViewController.h */,
				049B1EBC21003EB600310FF6 /* ZPViewController.m */,
			);
			path = "作品";
			sourceTree = "<group>";
		};
		049B1EB421003E5B00310FF6 /* 个人 */ = {
			isa = PBXGroup;
			children = (
				049B1EB821003EA500310FF6 /* PersonViewController.h */,
				049B1EB921003EA500310FF6 /* PersonViewController.m */,
			);
			path = "个人";
			sourceTree = "<group>";
		};
		049B1EC02100697800310FF6 /* mainTabViewController */ = {
			isa = PBXGroup;
			children = (
				049B1EAB21003DC000310FF6 /* mainController.h */,
				049B1EAC21003DC000310FF6 /* mainController.m */,
			);
			path = mainTabViewController;
			sourceTree = "<group>";
		};
		049B1EC121006A6100310FF6 /* YQ_TabBar */ = {
			isa = PBXGroup;
			children = (
				049B1EC221006B2B00310FF6 /* YQ_TabBar.h */,
				049B1EC321006B2B00310FF6 /* YQ_TabBar.m */,
			);
			path = YQ_TabBar;
			sourceTree = "<group>";
		};
		049B1EC52100785C00310FF6 /* VC */ = {
			isa = PBXGroup;
			children = (
				049B1EAF21003E2A00310FF6 /* GZViewController.h */,
				049B1EB021003E2A00310FF6 /* GZViewController.m */,
			);
			path = VC;
			sourceTree = "<group>";
		};
		049B1EC62100788700310FF6 /* BaseVC */ = {
			isa = PBXGroup;
			children = (
				049B1EA6210039C000310FF6 /* BaseViewController.h */,
				049B1EA7210039C000310FF6 /* BaseViewController.m */,
			);
			path = BaseVC;
			sourceTree = "<group>";
		};
		049B1EC721007A0600310FF6 /* ViewModel */ = {
			isa = PBXGroup;
			children = (
				049B1EC821007C3400310FF6 /* BaseViewModel.h */,
				049B1EC921007C3400310FF6 /* BaseViewModel.m */,
			);
			path = ViewModel;
			sourceTree = "<group>";
		};
		04B651D92119352600A277B5 /* 颜色 */ = {
			isa = PBXGroup;
			children = (
				04B651DB21193A7C00A277B5 /* UIColor+Extesion.h */,
				04B651DC21193A7C00A277B5 /* UIColor+Extesion.m */,
			);
			path = "颜色";
			sourceTree = "<group>";
		};
		04B651DE21193D5A00A277B5 /* UILabel类别 */ = {
			isa = PBXGroup;
			children = (
				04B651DF21193D9600A277B5 /* UILabel+Extesion.h */,
				04B651E021193D9600A277B5 /* UILabel+Extesion.m */,
			);
			path = "UILabel类别";
			sourceTree = "<group>";
		};
		04B651E22119702300A277B5 /* ModeifyChooseCollectionViewCell */ = {
			isa = PBXGroup;
			children = (
				04B651E32119706100A277B5 /* ModeifyChooseSkillsCollectionViewCell.h */,
				04B651E42119706100A277B5 /* ModeifyChooseSkillsCollectionViewCell.m */,
			);
			path = ModeifyChooseCollectionViewCell;
			sourceTree = "<group>";
		};
		04BC5532211C207500F34C95 /* 定位 */ = {
			isa = PBXGroup;
			children = (
				04BC5536211C20D100F34C95 /* Model */,
				04BC5535211C20C500F34C95 /* ViewModel */,
				04BC5534211C20BB00F34C95 /* View */,
				04BC5533211C20AD00F34C95 /* VC */,
			);
			path = "定位";
			sourceTree = "<group>";
		};
		04BC5533211C20AD00F34C95 /* VC */ = {
			isa = PBXGroup;
			children = (
				04BC5537211C214100F34C95 /* LocationViewController.h */,
				04BC5538211C214100F34C95 /* LocationViewController.m */,
			);
			path = VC;
			sourceTree = "<group>";
		};
		04BC5534211C20BB00F34C95 /* View */ = {
			isa = PBXGroup;
			children = (
			);
			path = View;
			sourceTree = "<group>";
		};
		04BC5535211C20C500F34C95 /* ViewModel */ = {
			isa = PBXGroup;
			children = (
			);
			path = ViewModel;
			sourceTree = "<group>";
		};
		04BC5536211C20D100F34C95 /* Model */ = {
			isa = PBXGroup;
			children = (
			);
			path = Model;
			sourceTree = "<group>";
		};
		04BC553A211C324E00F34C95 /* GDMap */ = {
			isa = PBXGroup;
			children = (
				04BC553B211C325900F34C95 /* SDK_V2.61 */,
			);
			path = GDMap;
			sourceTree = "<group>";
		};
		04BC553B211C325900F34C95 /* SDK_V2.61 */ = {
			isa = PBXGroup;
			children = (
				04BC553C211C34F900F34C95 /* AMapFoundationKit.framework */,
			);
			path = SDK_V2.61;
			sourceTree = "<group>";
		};
		04C98B422101722F0001069D /* OtherLib */ = {
			isa = PBXGroup;
			children = (
				04BC553A211C324E00F34C95 /* GDMap */,
				04CA86E52111A9C000282325 /* Masonry */,
				04C98B43210173C20001069D /* AFNetworking */,
			);
			path = OtherLib;
			sourceTree = "<group>";
		};
		04C98B43210173C20001069D /* AFNetworking */ = {
			isa = PBXGroup;
			children = (
				04C98B44210173C20001069D /* AFNetworking */,
				04C98B53210173C20001069D /* UIKit+AFNetworking */,
			);
			path = AFNetworking;
			sourceTree = "<group>";
		};
		04C98B44210173C20001069D /* AFNetworking */ = {
			isa = PBXGroup;
			children = (
				04C98B45210173C20001069D /* AFCompatibilityMacros.h */,
				04C98B46210173C20001069D /* AFHTTPSessionManager.h */,
				04C98B47210173C20001069D /* AFHTTPSessionManager.m */,
				04C98B48210173C20001069D /* AFNetworking.h */,
				04C98B49210173C20001069D /* AFNetworkReachabilityManager.h */,
				04C98B4A210173C20001069D /* AFNetworkReachabilityManager.m */,
				04C98B4B210173C20001069D /* AFSecurityPolicy.h */,
				04C98B4C210173C20001069D /* AFSecurityPolicy.m */,
				04C98B4D210173C20001069D /* AFURLRequestSerialization.h */,
				04C98B4E210173C20001069D /* AFURLRequestSerialization.m */,
				04C98B4F210173C20001069D /* AFURLResponseSerialization.h */,
				04C98B50210173C20001069D /* AFURLResponseSerialization.m */,
				04C98B51210173C20001069D /* AFURLSessionManager.h */,
				04C98B52210173C20001069D /* AFURLSessionManager.m */,
			);
			path = AFNetworking;
			sourceTree = "<group>";
		};
		04C98B53210173C20001069D /* UIKit+AFNetworking */ = {
			isa = PBXGroup;
			children = (
				04C98B54210173C20001069D /* AFAutoPurgingImageCache.h */,
				04C98B55210173C20001069D /* AFAutoPurgingImageCache.m */,
				04C98B56210173C20001069D /* AFImageDownloader.h */,
				04C98B57210173C20001069D /* AFImageDownloader.m */,
				04C98B58210173C20001069D /* AFNetworkActivityIndicatorManager.h */,
				04C98B59210173C20001069D /* AFNetworkActivityIndicatorManager.m */,
				04C98B5A210173C20001069D /* UIActivityIndicatorView+AFNetworking.h */,
				04C98B5B210173C20001069D /* UIActivityIndicatorView+AFNetworking.m */,
				04C98B5C210173C20001069D /* UIButton+AFNetworking.h */,
				04C98B5D210173C20001069D /* UIButton+AFNetworking.m */,
				04C98B5E210173C20001069D /* UIImage+AFNetworking.h */,
				04C98B5F210173C20001069D /* UIImageView+AFNetworking.h */,
				04C98B60210173C20001069D /* UIImageView+AFNetworking.m */,
				04C98B61210173C20001069D /* UIKit+AFNetworking.h */,
				04C98B62210173C20001069D /* UIProgressView+AFNetworking.h */,
				04C98B63210173C20001069D /* UIProgressView+AFNetworking.m */,
				04C98B64210173C20001069D /* UIRefreshControl+AFNetworking.h */,
				04C98B65210173C20001069D /* UIRefreshControl+AFNetworking.m */,
				04C98B66210173C20001069D /* UIWebView+AFNetworking.h */,
				04C98B67210173C20001069D /* UIWebView+AFNetworking.m */,
			);
			path = "UIKit+AFNetworking";
			sourceTree = "<group>";
		};
		04C98B78210178720001069D /* Functoion */ = {
			isa = PBXGroup;
			children = (
				04B651DE21193D5A00A277B5 /* UILabel类别 */,
				04B651D92119352600A277B5 /* 颜色 */,
				04C98B79210178940001069D /* 网络 */,
			);
			path = Functoion;
			sourceTree = "<group>";
		};
		04C98B79210178940001069D /* 网络 */ = {
			isa = PBXGroup;
			children = (
				04E59CA62106B8EE0033813E /* AFNetworking_YQ.h */,
				04E59CA72106B8EE0033813E /* AFNetworking_YQ.m */,
				0467855E21085E86005C66EF /* BaseRequest.h */,
				0467855F21085E86005C66EF /* BaseRequest.m */,
			);
			path = "网络";
			sourceTree = "<group>";
		};
		04CA86DC21119AE400282325 /* ModeifyTableViewCell */ = {
			isa = PBXGroup;
			children = (
				04CA86DD21119B5E00282325 /* ModeifyFirstTableViewCell.h */,
				04CA86DE21119B5E00282325 /* ModeifyFirstTableViewCell.m */,
				04983A4E2117E74500F3A1D6 /* ModeifySecondTableViewCell.h */,
				04983A4F2117E74500F3A1D6 /* ModeifySecondTableViewCell.m */,
				04983A5221182E2E00F3A1D6 /* ModeifyThirdTableViewCell.h */,
				04983A5321182E2E00F3A1D6 /* ModeifyThirdTableViewCell.m */,
			);
			path = ModeifyTableViewCell;
			sourceTree = "<group>";
		};
		04CA86E52111A9C000282325 /* Masonry */ = {
			isa = PBXGroup;
			children = (
				04CA86E62111A9C000282325 /* Info.plist */,
				04CA86E72111A9C000282325 /* MASCompositeConstraint.h */,
				04CA86E82111A9C000282325 /* MASCompositeConstraint.m */,
				04CA86E92111A9C000282325 /* MASConstraint+Private.h */,
				04CA86EA2111A9C000282325 /* MASConstraint.h */,
				04CA86EB2111A9C000282325 /* MASConstraint.m */,
				04CA86EC2111A9C000282325 /* MASConstraintMaker.h */,
				04CA86ED2111A9C000282325 /* MASConstraintMaker.m */,
				04CA86EE2111A9C000282325 /* MASLayoutConstraint.h */,
				04CA86EF2111A9C000282325 /* MASLayoutConstraint.m */,
				04CA86F02111A9C000282325 /* Masonry.h */,
				04CA86F12111A9C000282325 /* MASUtilities.h */,
				04CA86F22111A9C000282325 /* MASViewAttribute.h */,
				04CA86F32111A9C000282325 /* MASViewAttribute.m */,
				04CA86F42111A9C000282325 /* MASViewConstraint.h */,
				04CA86F52111A9C000282325 /* MASViewConstraint.m */,
				04CA86F62111A9C000282325 /* NSArray+MASAdditions.h */,
				04CA86F72111A9C000282325 /* NSArray+MASAdditions.m */,
				04CA86F82111A9C000282325 /* NSArray+MASShorthandAdditions.h */,
				04CA86F92111A9C000282325 /* NSLayoutConstraint+MASDebugAdditions.h */,
				04CA86FA2111A9C000282325 /* NSLayoutConstraint+MASDebugAdditions.m */,
				04CA86FB2111A9C000282325 /* View+MASAdditions.h */,
				04CA86FC2111A9C000282325 /* View+MASAdditions.m */,
				04CA86FD2111A9C000282325 /* View+MASShorthandAdditions.h */,
				04CA86FE2111A9C000282325 /* ViewController+MASAdditions.h */,
				04CA86FF2111A9C000282325 /* ViewController+MASAdditions.m */,
			);
			path = Masonry;
			sourceTree = "<group>";
		};
/* End PBXGroup section */

/* Begin PBXNativeTarget section */
		049B1E6A210031F300310FF6 /* CYou */ = {
			isa = PBXNativeTarget;
			buildConfigurationList = 049B1E9A2100324200310FF6 /* Build configuration list for PBXNativeTarget "CYou" */;
			buildPhases = (
				049B1E67210031F300310FF6 /* Sources */,
				049B1E68210031F300310FF6 /* Frameworks */,
				049B1E69210031F300310FF6 /* Resources */,
			);
			buildRules = (
			);
			dependencies = (
			);
			name = CYou;
			productName = CYou;
			productReference = 049B1E6B210031F300310FF6 /* CYou.app */;
			productType = "com.apple.product-type.application";
		};
		049B1E852100324200310FF6 /* CYouTests */ = {
			isa = PBXNativeTarget;
			buildConfigurationList = 049B1E9D2100324200310FF6 /* Build configuration list for PBXNativeTarget "CYouTests" */;
			buildPhases = (
				049B1E822100324200310FF6 /* Sources */,
				049B1E832100324200310FF6 /* Frameworks */,
				049B1E842100324200310FF6 /* Resources */,
			);
			buildRules = (
			);
			dependencies = (
				049B1E882100324200310FF6 /* PBXTargetDependency */,
			);
			name = CYouTests;
			productName = CYouTests;
			productReference = 049B1E862100324200310FF6 /* CYouTests.xctest */;
			productType = "com.apple.product-type.bundle.unit-test";
		};
		049B1E902100324200310FF6 /* CYouUITests */ = {
			isa = PBXNativeTarget;
			buildConfigurationList = 049B1EA02100324200310FF6 /* Build configuration list for PBXNativeTarget "CYouUITests" */;
			buildPhases = (
				049B1E8D2100324200310FF6 /* Sources */,
				049B1E8E2100324200310FF6 /* Frameworks */,
				049B1E8F2100324200310FF6 /* Resources */,
			);
			buildRules = (
			);
			dependencies = (
				049B1E932100324200310FF6 /* PBXTargetDependency */,
			);
			name = CYouUITests;
			productName = CYouUITests;
			productReference = 049B1E912100324200310FF6 /* CYouUITests.xctest */;
			productType = "com.apple.product-type.bundle.ui-testing";
		};
/* End PBXNativeTarget section */

/* Begin PBXProject section */
		049B1E63210031F200310FF6 /* Project object */ = {
			isa = PBXProject;
			attributes = {
				LastUpgradeCheck = 0940;
				ORGANIZATIONNAME = "时间财富网";
				TargetAttributes = {
					049B1E6A210031F300310FF6 = {
						CreatedOnToolsVersion = 9.4;
					};
					049B1E852100324200310FF6 = {
						CreatedOnToolsVersion = 9.4;
						TestTargetID = 049B1E6A210031F300310FF6;
					};
					049B1E902100324200310FF6 = {
						CreatedOnToolsVersion = 9.4;
						TestTargetID = 049B1E6A210031F300310FF6;
					};
				};
			};
			buildConfigurationList = 049B1E66210031F200310FF6 /* Build configuration list for PBXProject "CYou" */;
			compatibilityVersion = "Xcode 9.3";
			developmentRegion = en;
			hasScannedForEncodings = 0;
			knownRegions = (
				en,
				Base,
			);
			mainGroup = 049B1E62210031F200310FF6;
			productRefGroup = 049B1E6C210031F300310FF6 /* Products */;
			projectDirPath = "";
			projectRoot = "";
			targets = (
				049B1E6A210031F300310FF6 /* CYou */,
				049B1E852100324200310FF6 /* CYouTests */,
				049B1E902100324200310FF6 /* CYouUITests */,
			);
		};
/* End PBXProject section */

/* Begin PBXResourcesBuildPhase section */
		049B1E69210031F300310FF6 /* Resources */ = {
			isa = PBXResourcesBuildPhase;
			buildActionMask = 2147483647;
			files = (
				0406797B210EBE3200F109FF /* fourth_normal.png in Resources */,
				04067978210EBE3200F109FF /* first_normal@2x.png in Resources */,
				04067981210EBE3200F109FF /* third_normal.png in Resources */,
				0406796E210EBE3100F109FF /* second_selected.png in Resources */,
				0406797F210EBE3200F109FF /* first_normal.png in Resources */,
				04067977210EBE3200F109FF /* second_selected@2x.png in Resources */,
				04067971210EBE3200F109FF /* fourth_selected@3x.png in Resources */,
				04067970210EBE3200F109FF /* fourth_normal@2x.png in Resources */,
				0406796A210EBE3100F109FF /* first_selected@2x.png in Resources */,
				04067980210EBE3200F109FF /* second_selected@3x.png in Resources */,
				04067973210EBE3200F109FF /* third_normal@3x.png in Resources */,
				04067975210EBE3200F109FF /* first_normal@3x.png in Resources */,
				0406797A210EBE3200F109FF /* third_selected@3x.png in Resources */,
				049B1E7B2100323E00310FF6 /* Assets.xcassets in Resources */,
				0406797E210EBE3200F109FF /* first_selected@3x.png in Resources */,
				04067979210EBE3200F109FF /* first_selected.png in Resources */,
				04067974210EBE3200F109FF /* fourth_normal@3x.png in Resources */,
				0406796B210EBE3100F109FF /* second_normal.png in Resources */,
				0406797C210EBE3200F109FF /* fourth_selected.png in Resources */,
				04067972210EBE3200F109FF /* third_selected.png in Resources */,
				04CA87002111A9C000282325 /* Info.plist in Resources */,
				04067982210EBE3200F109FF /* second_normal@3x.png in Resources */,
				0406796C210EBE3100F109FF /* third_normal@2x.png in Resources */,
				04067976210EBE3200F109FF /* second_normal@2x.png in Resources */,
				0406796F210EBE3100F109FF /* jiajia.png in Resources */,
				0406797D210EBE3200F109FF /* fourth_selected@2x.png in Resources */,
				0406796D210EBE3100F109FF /* third_selected@2x.png in Resources */,
			);
			runOnlyForDeploymentPostprocessing = 0;
		};
		049B1E842100324200310FF6 /* Resources */ = {
			isa = PBXResourcesBuildPhase;
			buildActionMask = 2147483647;
			files = (
			);
			runOnlyForDeploymentPostprocessing = 0;
		};
		049B1E8F2100324200310FF6 /* Resources */ = {
			isa = PBXResourcesBuildPhase;
			buildActionMask = 2147483647;
			files = (
			);
			runOnlyForDeploymentPostprocessing = 0;
		};
/* End PBXResourcesBuildPhase section */

/* Begin PBXSourcesBuildPhase section */
		049B1E67210031F300310FF6 /* Sources */ = {
			isa = PBXSourcesBuildPhase;
			buildActionMask = 2147483647;
			files = (
				049B1EB121003E2A00310FF6 /* GZViewController.m in Sources */,
				04BC5539211C214100F34C95 /* LocationViewController.m in Sources */,
				04B651DD21193A7C00A277B5 /* UIColor+Extesion.m in Sources */,
				04C98B6A210173C20001069D /* AFSecurityPolicy.m in Sources */,
				049B1ECA21007C3400310FF6 /* BaseViewModel.m in Sources */,
				049B1EAD21003DC000310FF6 /* mainController.m in Sources */,
				04C98B74210173C20001069D /* UIProgressView+AFNetworking.m in Sources */,
				042DAF162110430200EA7858 /* MTSViewModel.m in Sources */,
				049B1E79210031F400310FF6 /* CYou.xcdatamodeld in Sources */,
				04C98B70210173C20001069D /* AFNetworkActivityIndicatorManager.m in Sources */,
				04CA87092111A9C000282325 /* View+MASAdditions.m in Sources */,
				049B1EC421006B2B00310FF6 /* YQ_TabBar.m in Sources */,
				04C98B72210173C20001069D /* UIButton+AFNetworking.m in Sources */,
				049B1EA8210039C000310FF6 /* BaseViewController.m in Sources */,
				04CA86DF21119B5E00282325 /* ModeifyFirstTableViewCell.m in Sources */,
				04E59CAB2106CCFA0033813E /* AppDelegate+OperatingState.m in Sources */,
				04CA87042111A9C000282325 /* MASLayoutConstraint.m in Sources */,
				04C98B6F210173C20001069D /* AFImageDownloader.m in Sources */,
				04E59CA82106B8EE0033813E /* AFNetworking_YQ.m in Sources */,
				04CA87072111A9C000282325 /* NSArray+MASAdditions.m in Sources */,
				04C98B76210173C20001069D /* UIWebView+AFNetworking.m in Sources */,
				04C98B6B210173C20001069D /* AFURLRequestSerialization.m in Sources */,
				049B1E73210031F300310FF6 /* ViewController.m in Sources */,
				04983A5421182E2E00F3A1D6 /* ModeifyThirdTableViewCell.m in Sources */,
				0406798D210EEA7500F109FF /* StatueBar.m in Sources */,
				04C98B6E210173C20001069D /* AFAutoPurgingImageCache.m in Sources */,
				04C98B6D210173C20001069D /* AFURLSessionManager.m in Sources */,
				04CA87032111A9C000282325 /* MASConstraintMaker.m in Sources */,
				04067989210EE24500F109FF /* GZNavigationBar.m in Sources */,
				049B1EBA21003EA500310FF6 /* PersonViewController.m in Sources */,
				0467856021085E86005C66EF /* BaseRequest.m in Sources */,
				04CA87062111A9C000282325 /* MASViewConstraint.m in Sources */,
				04CA87012111A9C000282325 /* MASCompositeConstraint.m in Sources */,
				04C98B71210173C20001069D /* UIActivityIndicatorView+AFNetworking.m in Sources */,
				049B1E812100323E00310FF6 /* main.m in Sources */,
				04CA87052111A9C000282325 /* MASViewAttribute.m in Sources */,
				042DAF132110109300EA7858 /* MTSTableView.m in Sources */,
				049B1EB721003E8E00310FF6 /* WKViewController.m in Sources */,
				04C98B6C210173C20001069D /* AFURLResponseSerialization.m in Sources */,
				04CA870D2111B0AA00282325 /* ModeifyFirstModel.m in Sources */,
				04C98B75210173C20001069D /* UIRefreshControl+AFNetworking.m in Sources */,
				04E59CAF2106CF1D0033813E /* AppDelegate+Interface.m in Sources */,
				04C98B73210173C20001069D /* UIImageView+AFNetworking.m in Sources */,
				04CA87082111A9C000282325 /* NSLayoutConstraint+MASDebugAdditions.m in Sources */,
				04C98B69210173C20001069D /* AFNetworkReachabilityManager.m in Sources */,
				049B1EBD21003EB600310FF6 /* ZPViewController.m in Sources */,
				04B651E121193D9600A277B5 /* UILabel+Extesion.m in Sources */,
				04983A502117E74500F3A1D6 /* ModeifySecondTableViewCell.m in Sources */,
				049B1E70210031F300310FF6 /* AppDelegate.m in Sources */,
				04CA870A2111A9C000282325 /* ViewController+MASAdditions.m in Sources */,
				042DAF09211007EE00EA7858 /* ModifyTheStoreVC.m in Sources */,
				04B651E52119706100A277B5 /* ModeifyChooseSkillsCollectionViewCell.m in Sources */,
				04C98B68210173C20001069D /* AFHTTPSessionManager.m in Sources */,
				04CA87022111A9C000282325 /* MASConstraint.m in Sources */,
			);
			runOnlyForDeploymentPostprocessing = 0;
		};
		049B1E822100324200310FF6 /* Sources */ = {
			isa = PBXSourcesBuildPhase;
			buildActionMask = 2147483647;
			files = (
				049B1E8B2100324200310FF6 /* CYouTests.m in Sources */,
			);
			runOnlyForDeploymentPostprocessing = 0;
		};
		049B1E8D2100324200310FF6 /* Sources */ = {
			isa = PBXSourcesBuildPhase;
			buildActionMask = 2147483647;
			files = (
				049B1E962100324200310FF6 /* CYouUITests.m in Sources */,
			);
			runOnlyForDeploymentPostprocessing = 0;
		};
/* End PBXSourcesBuildPhase section */

/* Begin PBXTargetDependency section */
		049B1E882100324200310FF6 /* PBXTargetDependency */ = {
			isa = PBXTargetDependency;
			target = 049B1E6A210031F300310FF6 /* CYou */;
			targetProxy = 049B1E872100324200310FF6 /* PBXContainerItemProxy */;
		};
		049B1E932100324200310FF6 /* PBXTargetDependency */ = {
			isa = PBXTargetDependency;
			target = 049B1E6A210031F300310FF6 /* CYou */;
			targetProxy = 049B1E922100324200310FF6 /* PBXContainerItemProxy */;
		};
/* End PBXTargetDependency section */

/* Begin XCBuildConfiguration section */
		049B1E982100324200310FF6 /* Debug */ = {
			isa = XCBuildConfiguration;
			buildSettings = {
				ALWAYS_SEARCH_USER_PATHS = NO;
				CLANG_ANALYZER_NONNULL = YES;
				CLANG_ANALYZER_NUMBER_OBJECT_CONVERSION = YES_AGGRESSIVE;
				CLANG_CXX_LANGUAGE_STANDARD = "gnu++14";
				CLANG_CXX_LIBRARY = "libc++";
				CLANG_ENABLE_MODULES = YES;
				CLANG_ENABLE_OBJC_ARC = YES;
				CLANG_ENABLE_OBJC_WEAK = YES;
				CLANG_WARN_BLOCK_CAPTURE_AUTORELEASING = YES;
				CLANG_WARN_BOOL_CONVERSION = YES;
				CLANG_WARN_COMMA = YES;
				CLANG_WARN_CONSTANT_CONVERSION = YES;
				CLANG_WARN_DEPRECATED_OBJC_IMPLEMENTATIONS = YES;
				CLANG_WARN_DIRECT_OBJC_ISA_USAGE = YES_ERROR;
				CLANG_WARN_DOCUMENTATION_COMMENTS = YES;
				CLANG_WARN_EMPTY_BODY = YES;
				CLANG_WARN_ENUM_CONVERSION = YES;
				CLANG_WARN_INFINITE_RECURSION = YES;
				CLANG_WARN_INT_CONVERSION = YES;
				CLANG_WARN_NON_LITERAL_NULL_CONVERSION = YES;
				CLANG_WARN_OBJC_IMPLICIT_RETAIN_SELF = YES;
				CLANG_WARN_OBJC_LITERAL_CONVERSION = YES;
				CLANG_WARN_OBJC_ROOT_CLASS = YES_ERROR;
				CLANG_WARN_RANGE_LOOP_ANALYSIS = YES;
				CLANG_WARN_STRICT_PROTOTYPES = YES;
				CLANG_WARN_SUSPICIOUS_MOVE = YES;
				CLANG_WARN_UNGUARDED_AVAILABILITY = YES_AGGRESSIVE;
				CLANG_WARN_UNREACHABLE_CODE = YES;
				CLANG_WARN__DUPLICATE_METHOD_MATCH = YES;
				CODE_SIGN_IDENTITY = "iPhone Developer";
				COPY_PHASE_STRIP = NO;
				DEBUG_INFORMATION_FORMAT = dwarf;
				ENABLE_STRICT_OBJC_MSGSEND = YES;
				ENABLE_TESTABILITY = YES;
				GCC_C_LANGUAGE_STANDARD = gnu11;
				GCC_DYNAMIC_NO_PIC = NO;
				GCC_NO_COMMON_BLOCKS = YES;
				GCC_OPTIMIZATION_LEVEL = 0;
				GCC_PREPROCESSOR_DEFINITIONS = (
					"DEBUG=1",
					"$(inherited)",
				);
				GCC_WARN_64_TO_32_BIT_CONVERSION = YES;
				GCC_WARN_ABOUT_RETURN_TYPE = YES_ERROR;
				GCC_WARN_UNDECLARED_SELECTOR = YES;
				GCC_WARN_UNINITIALIZED_AUTOS = YES_AGGRESSIVE;
				GCC_WARN_UNUSED_FUNCTION = YES;
				GCC_WARN_UNUSED_VARIABLE = YES;
				IPHONEOS_DEPLOYMENT_TARGET = 11.4;
				MTL_ENABLE_DEBUG_INFO = YES;
				ONLY_ACTIVE_ARCH = YES;
				SDKROOT = iphoneos;
			};
			name = Debug;
		};
		049B1E992100324200310FF6 /* Release */ = {
			isa = XCBuildConfiguration;
			buildSettings = {
				ALWAYS_SEARCH_USER_PATHS = NO;
				CLANG_ANALYZER_NONNULL = YES;
				CLANG_ANALYZER_NUMBER_OBJECT_CONVERSION = YES_AGGRESSIVE;
				CLANG_CXX_LANGUAGE_STANDARD = "gnu++14";
				CLANG_CXX_LIBRARY = "libc++";
				CLANG_ENABLE_MODULES = YES;
				CLANG_ENABLE_OBJC_ARC = YES;
				CLANG_ENABLE_OBJC_WEAK = YES;
				CLANG_WARN_BLOCK_CAPTURE_AUTORELEASING = YES;
				CLANG_WARN_BOOL_CONVERSION = YES;
				CLANG_WARN_COMMA = YES;
				CLANG_WARN_CONSTANT_CONVERSION = YES;
				CLANG_WARN_DEPRECATED_OBJC_IMPLEMENTATIONS = YES;
				CLANG_WARN_DIRECT_OBJC_ISA_USAGE = YES_ERROR;
				CLANG_WARN_DOCUMENTATION_COMMENTS = YES;
				CLANG_WARN_EMPTY_BODY = YES;
				CLANG_WARN_ENUM_CONVERSION = YES;
				CLANG_WARN_INFINITE_RECURSION = YES;
				CLANG_WARN_INT_CONVERSION = YES;
				CLANG_WARN_NON_LITERAL_NULL_CONVERSION = YES;
				CLANG_WARN_OBJC_IMPLICIT_RETAIN_SELF = YES;
				CLANG_WARN_OBJC_LITERAL_CONVERSION = YES;
				CLANG_WARN_OBJC_ROOT_CLASS = YES_ERROR;
				CLANG_WARN_RANGE_LOOP_ANALYSIS = YES;
				CLANG_WARN_STRICT_PROTOTYPES = YES;
				CLANG_WARN_SUSPICIOUS_MOVE = YES;
				CLANG_WARN_UNGUARDED_AVAILABILITY = YES_AGGRESSIVE;
				CLANG_WARN_UNREACHABLE_CODE = YES;
				CLANG_WARN__DUPLICATE_METHOD_MATCH = YES;
				CODE_SIGN_IDENTITY = "iPhone Developer";
				COPY_PHASE_STRIP = NO;
				DEBUG_INFORMATION_FORMAT = "dwarf-with-dsym";
				ENABLE_NS_ASSERTIONS = NO;
				ENABLE_STRICT_OBJC_MSGSEND = YES;
				GCC_C_LANGUAGE_STANDARD = gnu11;
				GCC_NO_COMMON_BLOCKS = YES;
				GCC_WARN_64_TO_32_BIT_CONVERSION = YES;
				GCC_WARN_ABOUT_RETURN_TYPE = YES_ERROR;
				GCC_WARN_UNDECLARED_SELECTOR = YES;
				GCC_WARN_UNINITIALIZED_AUTOS = YES_AGGRESSIVE;
				GCC_WARN_UNUSED_FUNCTION = YES;
				GCC_WARN_UNUSED_VARIABLE = YES;
				IPHONEOS_DEPLOYMENT_TARGET = 11.4;
				MTL_ENABLE_DEBUG_INFO = NO;
				SDKROOT = iphoneos;
				VALIDATE_PRODUCT = YES;
			};
			name = Release;
		};
		049B1E9B2100324200310FF6 /* Debug */ = {
			isa = XCBuildConfiguration;
			buildSettings = {
				ASSETCATALOG_COMPILER_APPICON_NAME = AppIcon;
				CODE_SIGN_STYLE = Automatic;
				DEVELOPMENT_TEAM = ULFN7USZ4R;
				FRAMEWORK_SEARCH_PATHS = (
					"$(inherited)",
					"$(PROJECT_DIR)/CYou/OtherLib/GDMap/SDK",
				);
				GCC_INPUT_FILETYPE = automatic;
				GCC_PREFIX_HEADER = "/Users/vikecn/Desktop/RItem/CYou/CYou/Supporting Files/YQ_PrefixHeader.pch";
				INFOPLIST_FILE = "/Users/vikecn/Desktop/RItem/CYou/CYou/Supporting Files/Info.plist";
				IPHONEOS_DEPLOYMENT_TARGET = 10.0;
				LD_RUNPATH_SEARCH_PATHS = (
					"$(inherited)",
					"@executable_path/Frameworks",
				);
				PRODUCT_BUNDLE_IDENTIFIER = com.vikecn.CYou;
				PRODUCT_NAME = "$(TARGET_NAME)";
				TARGETED_DEVICE_FAMILY = "1,2";
			};
			name = Debug;
		};
		049B1E9C2100324200310FF6 /* Release */ = {
			isa = XCBuildConfiguration;
			buildSettings = {
				ASSETCATALOG_COMPILER_APPICON_NAME = AppIcon;
				CODE_SIGN_STYLE = Automatic;
				DEVELOPMENT_TEAM = ULFN7USZ4R;
				FRAMEWORK_SEARCH_PATHS = (
					"$(inherited)",
					"$(PROJECT_DIR)/CYou/OtherLib/GDMap/SDK",
				);
				GCC_INPUT_FILETYPE = automatic;
				GCC_PREFIX_HEADER = "/Users/vikecn/Desktop/RItem/CYou/CYou/Supporting Files/YQ_PrefixHeader.pch";
				INFOPLIST_FILE = "/Users/vikecn/Desktop/RItem/CYou/CYou/Supporting Files/Info.plist";
				IPHONEOS_DEPLOYMENT_TARGET = 10.0;
				LD_RUNPATH_SEARCH_PATHS = (
					"$(inherited)",
					"@executable_path/Frameworks",
				);
				PRODUCT_BUNDLE_IDENTIFIER = com.vikecn.CYou;
				PRODUCT_NAME = "$(TARGET_NAME)";
				TARGETED_DEVICE_FAMILY = "1,2";
			};
			name = Release;
		};
		049B1E9E2100324200310FF6 /* Debug */ = {
			isa = XCBuildConfiguration;
			buildSettings = {
				BUNDLE_LOADER = "$(TEST_HOST)";
				CODE_SIGN_STYLE = Automatic;
				DEVELOPMENT_TEAM = ULFN7USZ4R;
				INFOPLIST_FILE = CYouTests/Info.plist;
				LD_RUNPATH_SEARCH_PATHS = (
					"$(inherited)",
					"@executable_path/Frameworks",
					"@loader_path/Frameworks",
				);
				PRODUCT_BUNDLE_IDENTIFIER = com.vikecn.CYouTests;
				PRODUCT_NAME = "$(TARGET_NAME)";
				TARGETED_DEVICE_FAMILY = "1,2";
				TEST_HOST = "$(BUILT_PRODUCTS_DIR)/CYou.app/CYou";
			};
			name = Debug;
		};
		049B1E9F2100324200310FF6 /* Release */ = {
			isa = XCBuildConfiguration;
			buildSettings = {
				BUNDLE_LOADER = "$(TEST_HOST)";
				CODE_SIGN_STYLE = Automatic;
				DEVELOPMENT_TEAM = ULFN7USZ4R;
				INFOPLIST_FILE = CYouTests/Info.plist;
				LD_RUNPATH_SEARCH_PATHS = (
					"$(inherited)",
					"@executable_path/Frameworks",
					"@loader_path/Frameworks",
				);
				PRODUCT_BUNDLE_IDENTIFIER = com.vikecn.CYouTests;
				PRODUCT_NAME = "$(TARGET_NAME)";
				TARGETED_DEVICE_FAMILY = "1,2";
				TEST_HOST = "$(BUILT_PRODUCTS_DIR)/CYou.app/CYou";
			};
			name = Release;
		};
		049B1EA12100324200310FF6 /* Debug */ = {
			isa = XCBuildConfiguration;
			buildSettings = {
				CODE_SIGN_STYLE = Automatic;
				DEVELOPMENT_TEAM = ULFN7USZ4R;
				INFOPLIST_FILE = CYouUITests/Info.plist;
				LD_RUNPATH_SEARCH_PATHS = (
					"$(inherited)",
					"@executable_path/Frameworks",
					"@loader_path/Frameworks",
				);
				PRODUCT_BUNDLE_IDENTIFIER = com.vikecn.CYouUITests;
				PRODUCT_NAME = "$(TARGET_NAME)";
				TARGETED_DEVICE_FAMILY = "1,2";
				TEST_TARGET_NAME = CYou;
			};
			name = Debug;
		};
		049B1EA22100324200310FF6 /* Release */ = {
			isa = XCBuildConfiguration;
			buildSettings = {
				CODE_SIGN_STYLE = Automatic;
				DEVELOPMENT_TEAM = ULFN7USZ4R;
				INFOPLIST_FILE = CYouUITests/Info.plist;
				LD_RUNPATH_SEARCH_PATHS = (
					"$(inherited)",
					"@executable_path/Frameworks",
					"@loader_path/Frameworks",
				);
				PRODUCT_BUNDLE_IDENTIFIER = com.vikecn.CYouUITests;
				PRODUCT_NAME = "$(TARGET_NAME)";
				TARGETED_DEVICE_FAMILY = "1,2";
				TEST_TARGET_NAME = CYou;
			};
			name = Release;
		};
/* End XCBuildConfiguration section */

/* Begin XCConfigurationList section */
		049B1E66210031F200310FF6 /* Build configuration list for PBXProject "CYou" */ = {
			isa = XCConfigurationList;
			buildConfigurations = (
				049B1E982100324200310FF6 /* Debug */,
				049B1E992100324200310FF6 /* Release */,
			);
			defaultConfigurationIsVisible = 0;
			defaultConfigurationName = Release;
		};
		049B1E9A2100324200310FF6 /* Build configuration list for PBXNativeTarget "CYou" */ = {
			isa = XCConfigurationList;
			buildConfigurations = (
				049B1E9B2100324200310FF6 /* Debug */,
				049B1E9C2100324200310FF6 /* Release */,
			);
			defaultConfigurationIsVisible = 0;
			defaultConfigurationName = Release;
		};
		049B1E9D2100324200310FF6 /* Build configuration list for PBXNativeTarget "CYouTests" */ = {
			isa = XCConfigurationList;
			buildConfigurations = (
				049B1E9E2100324200310FF6 /* Debug */,
				049B1E9F2100324200310FF6 /* Release */,
			);
			defaultConfigurationIsVisible = 0;
			defaultConfigurationName = Release;
		};
		049B1EA02100324200310FF6 /* Build configuration list for PBXNativeTarget "CYouUITests" */ = {
			isa = XCConfigurationList;
			buildConfigurations = (
				049B1EA12100324200310FF6 /* Debug */,
				049B1EA22100324200310FF6 /* Release */,
			);
			defaultConfigurationIsVisible = 0;
			defaultConfigurationName = Release;
		};
/* End XCConfigurationList section */

/* Begin XCVersionGroup section */
		049B1E77210031F400310FF6 /* CYou.xcdatamodeld */ = {
			isa = XCVersionGroup;
			children = (
				049B1E78210031F400310FF6 /* CYou.xcdatamodel */,
			);
			currentVersion = 049B1E78210031F400310FF6 /* CYou.xcdatamodel */;
			path = CYou.xcdatamodeld;
			sourceTree = "<group>";
			versionGroupType = wrapper.xcdatamodel;
		};
/* End XCVersionGroup section */
	};
	rootObject = 049B1E63210031F200310FF6 /* Project object */;
}
